// !$*UTF8*$!
{
	archiveVersion = 1;
	classes = {
	};
	objectVersion = 46;
	objects = {

/* Begin PBXBuildFile section */
		0509026918F45C7B00369B07 /* Translatable.m in Sources */ = {isa = PBXBuildFile; fileRef = 0509026818F45C7B00369B07 /* Translatable.m */; };
		0531724118F4A5B500FEC79F /* DetailsMapViewController.m in Sources */ = {isa = PBXBuildFile; fileRef = 0531724018F4A5B500FEC79F /* DetailsMapViewController.m */; };
		0533DEFA18DE0D27001BCB28 /* SWRevealViewController.m in Sources */ = {isa = PBXBuildFile; fileRef = 0533DEF918DE0D27001BCB28 /* SWRevealViewController.m */; };
		0533DF0118DE1520001BCB28 /* menu.png in Resources */ = {isa = PBXBuildFile; fileRef = 0533DEFE18DE1520001BCB28 /* menu.png */; };
		0533DF0218DE1520001BCB28 /* menu@2x.png in Resources */ = {isa = PBXBuildFile; fileRef = 0533DEFF18DE1520001BCB28 /* menu@2x.png */; };
		0533DF0918DE333A001BCB28 /* SlideMenuViewController.m in Sources */ = {isa = PBXBuildFile; fileRef = 0533DF0818DE333A001BCB28 /* SlideMenuViewController.m */; };
		0533DF0C18DE365D001BCB28 /* HomeViewController.m in Sources */ = {isa = PBXBuildFile; fileRef = 0533DF0B18DE365D001BCB28 /* HomeViewController.m */; };
		05406E3C18F2C6FF001656FC /* DishTableViewCell.m in Sources */ = {isa = PBXBuildFile; fileRef = 05406E3B18F2C6FF001656FC /* DishTableViewCell.m */; };
		05406E3F18F2EE1A001656FC /* GastronomyParser.m in Sources */ = {isa = PBXBuildFile; fileRef = 05406E3E18F2EE1A001656FC /* GastronomyParser.m */; };
		05406E4118F313A7001656FC /* gastronomy.xml in Resources */ = {isa = PBXBuildFile; fileRef = 05406E4018F313A7001656FC /* gastronomy.xml */; };
		05406E4318F313B6001656FC /* data.xml in Resources */ = {isa = PBXBuildFile; fileRef = 05406E4218F313B6001656FC /* data.xml */; };
		05406E4618F31661001656FC /* GastronomyData.m in Sources */ = {isa = PBXBuildFile; fileRef = 05406E4518F31661001656FC /* GastronomyData.m */; };
		05406E4918F31AF6001656FC /* Dish.m in Sources */ = {isa = PBXBuildFile; fileRef = 05406E4818F31AF6001656FC /* Dish.m */; };
		05406E4C18F31B06001656FC /* Restaurant.m in Sources */ = {isa = PBXBuildFile; fileRef = 05406E4B18F31B06001656FC /* Restaurant.m */; };
		055E88E918DF0D6F001CE07B /* AnimalsListViewController.m in Sources */ = {isa = PBXBuildFile; fileRef = 055E88E818DF0D6F001CE07B /* AnimalsListViewController.m */; };
		05C925D318DDAFAD00C2F746 /* GPS.md in Resources */ = {isa = PBXBuildFile; fileRef = 05C925D218DDAFAD00C2F746 /* GPS.md */; };
		05C9265918DDDF1800C2F746 /* LocationManager.m in Sources */ = {isa = PBXBuildFile; fileRef = 05C9265818DDDF1800C2F746 /* LocationManager.m */; };
		05CD409918DF6FD60065C04F /* MapViewController.m in Sources */ = {isa = PBXBuildFile; fileRef = 05CD409818DF6FD60065C04F /* MapViewController.m */; };
		05DA78C018B968E5005D6C5F /* SettingsParserTest.m in Sources */ = {isa = PBXBuildFile; fileRef = 05DA78BF18B968E5005D6C5F /* SettingsParserTest.m */; };
		05DA78D718B96A07005D6C5F /* libOCMock.a in Frameworks */ = {isa = PBXBuildFile; fileRef = 05DA78D418B969BF005D6C5F /* libOCMock.a */; };
		05E0209118C1D38000AE76EC /* MapKit.framework in Frameworks */ = {isa = PBXBuildFile; fileRef = 05E0209018C1D38000AE76EC /* MapKit.framework */; };
		05E0209818C23B7100AE76EC /* MKAnnotationAnimal.m in Sources */ = {isa = PBXBuildFile; fileRef = 05E0209718C23B7100AE76EC /* MKAnnotationAnimal.m */; };
		05E1654F18F1B51100DA3BD7 /* GastronomyDetailsInfoViewController.m in Sources */ = {isa = PBXBuildFile; fileRef = 05E1654818F1B51100DA3BD7 /* GastronomyDetailsInfoViewController.m */; };
		05E1655018F1B51100DA3BD7 /* GastronomyDetailsMenuTableViewController.m in Sources */ = {isa = PBXBuildFile; fileRef = 05E1654A18F1B51100DA3BD7 /* GastronomyDetailsMenuTableViewController.m */; };
		05E1655118F1B51100DA3BD7 /* GastronomyDetailsViewController.m in Sources */ = {isa = PBXBuildFile; fileRef = 05E1654C18F1B51100DA3BD7 /* GastronomyDetailsViewController.m */; };
		05E1655218F1B51100DA3BD7 /* GastronomyListViewController.m in Sources */ = {isa = PBXBuildFile; fileRef = 05E1654E18F1B51100DA3BD7 /* GastronomyListViewController.m */; };
		05E375C918BA872B00A31630 /* main.m in Sources */ = {isa = PBXBuildFile; fileRef = 05E375C418BA872B00A31630 /* main.m */; };
		05E375CA18BA872B00A31630 /* main.m in Sources */ = {isa = PBXBuildFile; fileRef = 05E375C418BA872B00A31630 /* main.m */; };
		05E375CB18BA872B00A31630 /* MWLogging.m in Sources */ = {isa = PBXBuildFile; fileRef = 05E375C618BA872B00A31630 /* MWLogging.m */; };
		05E375CC18BA872B00A31630 /* MWLogging.m in Sources */ = {isa = PBXBuildFile; fileRef = 05E375C618BA872B00A31630 /* MWLogging.m */; };
		3D5EF609189637C000233B64 /* Foundation.framework in Frameworks */ = {isa = PBXBuildFile; fileRef = 3D5EF608189637C000233B64 /* Foundation.framework */; };
		3D5EF60B189637C000233B64 /* CoreGraphics.framework in Frameworks */ = {isa = PBXBuildFile; fileRef = 3D5EF60A189637C000233B64 /* CoreGraphics.framework */; };
		3D5EF60D189637C000233B64 /* UIKit.framework in Frameworks */ = {isa = PBXBuildFile; fileRef = 3D5EF60C189637C000233B64 /* UIKit.framework */; };
		3D5EF619189637C000233B64 /* AppDelegate.m in Sources */ = {isa = PBXBuildFile; fileRef = 3D5EF618189637C000233B64 /* AppDelegate.m */; };
		3D5EF629189637C000233B64 /* Foundation.framework in Frameworks */ = {isa = PBXBuildFile; fileRef = 3D5EF608189637C000233B64 /* Foundation.framework */; };
		3D5EF62A189637C000233B64 /* UIKit.framework in Frameworks */ = {isa = PBXBuildFile; fileRef = 3D5EF60C189637C000233B64 /* UIKit.framework */; };
		3DDE538818C705B20062D217 /* Main.storyboard in Resources */ = {isa = PBXBuildFile; fileRef = 3D5EF61A189637C000233B64 /* Main.storyboard */; };
		3DE69DA918C7B83400B54509 /* Localizable.strings in Resources */ = {isa = PBXBuildFile; fileRef = 3D5EF611189637C000233B64 /* Localizable.strings */; };
		8421D32218BE3B5100B54DC3 /* Images.xcassets in Resources */ = {isa = PBXBuildFile; fileRef = 8421D32118BE3B5100B54DC3 /* Images.xcassets */; };
		8426164218DF9BB700927285 /* AnimalDetailsViewController.m in Sources */ = {isa = PBXBuildFile; fileRef = 8426164118DF9BB700927285 /* AnimalDetailsViewController.m */; };
		8460875718BDFA7F00620219 /* SettingsParser.m in Sources */ = {isa = PBXBuildFile; fileRef = 8460875618BDFA7F00620219 /* SettingsParser.m */; };
		8460875A18BDFA8A00620219 /* Settings.m in Sources */ = {isa = PBXBuildFile; fileRef = 8460875918BDFA8A00620219 /* Settings.m */; };
		84C266A518BAA26D00588D63 /* XCTest.framework in Frameworks */ = {isa = PBXBuildFile; fileRef = 3D5EF627189637C000233B64 /* XCTest.framework */; };
		84DD035B18BA8C7A00DE7178 /* config.xml in Resources */ = {isa = PBXBuildFile; fileRef = 84DD035818BA8C7A00DE7178 /* config.xml */; };
		84DD035C18BA8C7A00DE7178 /* XMLFetcher.m in Sources */ = {isa = PBXBuildFile; fileRef = 84DD035A18BA8C7A00DE7178 /* XMLFetcher.m */; };
		84DDCB3118BA917800A2F720 /* AFAnimal.m in Sources */ = {isa = PBXBuildFile; fileRef = 84DDCB2A18BA917800A2F720 /* AFAnimal.m */; };
		84DDCB3218BA917800A2F720 /* AFJunction.m in Sources */ = {isa = PBXBuildFile; fileRef = 84DDCB2C18BA917800A2F720 /* AFJunction.m */; };
		84DDCB3318BA917800A2F720 /* AFNode.m in Sources */ = {isa = PBXBuildFile; fileRef = 84DDCB2E18BA917800A2F720 /* AFNode.m */; };
		84DDCB3418BA917800A2F720 /* AFWay.m in Sources */ = {isa = PBXBuildFile; fileRef = 84DDCB3018BA917800A2F720 /* AFWay.m */; };
		84DDCB3C18BA919600A2F720 /* AFXMLParser.m in Sources */ = {isa = PBXBuildFile; fileRef = 84DDCB3718BA919600A2F720 /* AFXMLParser.m */; };
		84DDCB4418BA91A100A2F720 /* AFParsedData.m in Sources */ = {isa = PBXBuildFile; fileRef = 84DDCB4118BA91A100A2F720 /* AFParsedData.m */; };
		84DDCB4A18BA944800A2F720 /* DataParserTests.m in Sources */ = {isa = PBXBuildFile; fileRef = 84DDCB4918BA944800A2F720 /* DataParserTests.m */; };
		84F184A218B9537200658238 /* MyGuideTests.m in Sources */ = {isa = PBXBuildFile; fileRef = 3D5EF633189637C000233B64 /* MyGuideTests.m */; };
/* End PBXBuildFile section */

/* Begin PBXContainerItemProxy section */
		3D5EF62B189637C000233B64 /* PBXContainerItemProxy */ = {
			isa = PBXContainerItemProxy;
			containerPortal = 3D5EF5FD189637C000233B64 /* Project object */;
			proxyType = 1;
			remoteGlobalIDString = 3D5EF604189637C000233B64;
			remoteInfo = MyGuide;
		};
/* End PBXContainerItemProxy section */

/* Begin PBXFileReference section */
		0509026718F45C7B00369B07 /* Translatable.h */ = {isa = PBXFileReference; fileEncoding = 4; lastKnownFileType = sourcecode.c.h; path = Translatable.h; sourceTree = "<group>"; };
		0509026818F45C7B00369B07 /* Translatable.m */ = {isa = PBXFileReference; fileEncoding = 4; lastKnownFileType = sourcecode.c.objc; path = Translatable.m; sourceTree = "<group>"; };
		0531723F18F4A5B500FEC79F /* DetailsMapViewController.h */ = {isa = PBXFileReference; fileEncoding = 4; lastKnownFileType = sourcecode.c.h; path = DetailsMapViewController.h; sourceTree = "<group>"; };
		0531724018F4A5B500FEC79F /* DetailsMapViewController.m */ = {isa = PBXFileReference; fileEncoding = 4; lastKnownFileType = sourcecode.c.objc; path = DetailsMapViewController.m; sourceTree = "<group>"; };
		0533DEF818DE0D27001BCB28 /* SWRevealViewController.h */ = {isa = PBXFileReference; fileEncoding = 4; lastKnownFileType = sourcecode.c.h; path = SWRevealViewController.h; sourceTree = "<group>"; };
		0533DEF918DE0D27001BCB28 /* SWRevealViewController.m */ = {isa = PBXFileReference; fileEncoding = 4; lastKnownFileType = sourcecode.c.objc; path = SWRevealViewController.m; sourceTree = "<group>"; };
		0533DEFE18DE1520001BCB28 /* menu.png */ = {isa = PBXFileReference; lastKnownFileType = image.png; path = menu.png; sourceTree = "<group>"; };
		0533DEFF18DE1520001BCB28 /* menu@2x.png */ = {isa = PBXFileReference; lastKnownFileType = image.png; path = "menu@2x.png"; sourceTree = "<group>"; };
		0533DF0718DE333A001BCB28 /* SlideMenuViewController.h */ = {isa = PBXFileReference; fileEncoding = 4; lastKnownFileType = sourcecode.c.h; path = SlideMenuViewController.h; sourceTree = "<group>"; };
		0533DF0818DE333A001BCB28 /* SlideMenuViewController.m */ = {isa = PBXFileReference; fileEncoding = 4; lastKnownFileType = sourcecode.c.objc; path = SlideMenuViewController.m; sourceTree = "<group>"; };
		0533DF0A18DE365D001BCB28 /* HomeViewController.h */ = {isa = PBXFileReference; fileEncoding = 4; lastKnownFileType = sourcecode.c.h; path = HomeViewController.h; sourceTree = "<group>"; };
		0533DF0B18DE365D001BCB28 /* HomeViewController.m */ = {isa = PBXFileReference; fileEncoding = 4; lastKnownFileType = sourcecode.c.objc; path = HomeViewController.m; sourceTree = "<group>"; };
		05406E3A18F2C6FF001656FC /* DishTableViewCell.h */ = {isa = PBXFileReference; fileEncoding = 4; lastKnownFileType = sourcecode.c.h; path = DishTableViewCell.h; sourceTree = "<group>"; };
		05406E3B18F2C6FF001656FC /* DishTableViewCell.m */ = {isa = PBXFileReference; fileEncoding = 4; lastKnownFileType = sourcecode.c.objc; path = DishTableViewCell.m; sourceTree = "<group>"; };
		05406E3D18F2EE1A001656FC /* GastronomyParser.h */ = {isa = PBXFileReference; fileEncoding = 4; lastKnownFileType = sourcecode.c.h; path = GastronomyParser.h; sourceTree = "<group>"; };
		05406E3E18F2EE1A001656FC /* GastronomyParser.m */ = {isa = PBXFileReference; fileEncoding = 4; lastKnownFileType = sourcecode.c.objc; path = GastronomyParser.m; sourceTree = "<group>"; };
		05406E4018F313A7001656FC /* gastronomy.xml */ = {isa = PBXFileReference; fileEncoding = 4; lastKnownFileType = text.xml; name = gastronomy.xml; path = "XML files/gastronomy.xml"; sourceTree = "<group>"; };
		05406E4218F313B6001656FC /* data.xml */ = {isa = PBXFileReference; fileEncoding = 4; lastKnownFileType = text.xml; name = data.xml; path = "XML files/data.xml"; sourceTree = "<group>"; };
		05406E4418F31661001656FC /* GastronomyData.h */ = {isa = PBXFileReference; fileEncoding = 4; lastKnownFileType = sourcecode.c.h; path = GastronomyData.h; sourceTree = "<group>"; };
		05406E4518F31661001656FC /* GastronomyData.m */ = {isa = PBXFileReference; fileEncoding = 4; lastKnownFileType = sourcecode.c.objc; path = GastronomyData.m; sourceTree = "<group>"; };
		05406E4718F31AF6001656FC /* Dish.h */ = {isa = PBXFileReference; fileEncoding = 4; lastKnownFileType = sourcecode.c.h; path = Dish.h; sourceTree = "<group>"; };
		05406E4818F31AF6001656FC /* Dish.m */ = {isa = PBXFileReference; fileEncoding = 4; lastKnownFileType = sourcecode.c.objc; path = Dish.m; sourceTree = "<group>"; };
		05406E4A18F31B06001656FC /* Restaurant.h */ = {isa = PBXFileReference; fileEncoding = 4; lastKnownFileType = sourcecode.c.h; path = Restaurant.h; sourceTree = "<group>"; };
		05406E4B18F31B06001656FC /* Restaurant.m */ = {isa = PBXFileReference; fileEncoding = 4; lastKnownFileType = sourcecode.c.objc; path = Restaurant.m; sourceTree = "<group>"; };
		055E88E718DF0D6F001CE07B /* AnimalsListViewController.h */ = {isa = PBXFileReference; fileEncoding = 4; lastKnownFileType = sourcecode.c.h; path = AnimalsListViewController.h; sourceTree = "<group>"; };
		055E88E818DF0D6F001CE07B /* AnimalsListViewController.m */ = {isa = PBXFileReference; fileEncoding = 4; lastKnownFileType = sourcecode.c.objc; path = AnimalsListViewController.m; sourceTree = "<group>"; };
		057F9EC618E7760A001DE63B /* Base */ = {isa = PBXFileReference; lastKnownFileType = file.storyboard; name = Base; path = Base.lproj/Main.storyboard; sourceTree = "<group>"; };
		05C925D218DDAFAD00C2F746 /* GPS.md */ = {isa = PBXFileReference; fileEncoding = 4; lastKnownFileType = text; path = GPS.md; sourceTree = "<group>"; };
		05C9265718DDDF1800C2F746 /* LocationManager.h */ = {isa = PBXFileReference; fileEncoding = 4; lastKnownFileType = sourcecode.c.h; path = LocationManager.h; sourceTree = "<group>"; };
		05C9265818DDDF1800C2F746 /* LocationManager.m */ = {isa = PBXFileReference; fileEncoding = 4; lastKnownFileType = sourcecode.c.objc; path = LocationManager.m; sourceTree = "<group>"; };
		05CD409718DF6FD60065C04F /* MapViewController.h */ = {isa = PBXFileReference; fileEncoding = 4; lastKnownFileType = sourcecode.c.h; path = MapViewController.h; sourceTree = "<group>"; };
		05CD409818DF6FD60065C04F /* MapViewController.m */ = {isa = PBXFileReference; fileEncoding = 4; lastKnownFileType = sourcecode.c.objc; path = MapViewController.m; sourceTree = "<group>"; };
		05DA78BF18B968E5005D6C5F /* SettingsParserTest.m */ = {isa = PBXFileReference; fileEncoding = 4; lastKnownFileType = sourcecode.c.objc; path = SettingsParserTest.m; sourceTree = "<group>"; };
		05DA78CE18B969BF005D6C5F /* NSNotificationCenter+OCMAdditions.h */ = {isa = PBXFileReference; fileEncoding = 4; lastKnownFileType = sourcecode.c.h; path = "NSNotificationCenter+OCMAdditions.h"; sourceTree = "<group>"; };
		05DA78CF18B969BF005D6C5F /* OCMArg.h */ = {isa = PBXFileReference; fileEncoding = 4; lastKnownFileType = sourcecode.c.h; path = OCMArg.h; sourceTree = "<group>"; };
		05DA78D018B969BF005D6C5F /* OCMConstraint.h */ = {isa = PBXFileReference; fileEncoding = 4; lastKnownFileType = sourcecode.c.h; path = OCMConstraint.h; sourceTree = "<group>"; };
		05DA78D118B969BF005D6C5F /* OCMock.h */ = {isa = PBXFileReference; fileEncoding = 4; lastKnownFileType = sourcecode.c.h; path = OCMock.h; sourceTree = "<group>"; };
		05DA78D218B969BF005D6C5F /* OCMockObject.h */ = {isa = PBXFileReference; fileEncoding = 4; lastKnownFileType = sourcecode.c.h; path = OCMockObject.h; sourceTree = "<group>"; };
		05DA78D318B969BF005D6C5F /* OCMockRecorder.h */ = {isa = PBXFileReference; fileEncoding = 4; lastKnownFileType = sourcecode.c.h; path = OCMockRecorder.h; sourceTree = "<group>"; };
		05DA78D418B969BF005D6C5F /* libOCMock.a */ = {isa = PBXFileReference; lastKnownFileType = archive.ar; path = libOCMock.a; sourceTree = "<group>"; };
		05E0209018C1D38000AE76EC /* MapKit.framework */ = {isa = PBXFileReference; lastKnownFileType = wrapper.framework; name = MapKit.framework; path = System/Library/Frameworks/MapKit.framework; sourceTree = SDKROOT; };
		05E0209618C23B7100AE76EC /* MKAnnotationAnimal.h */ = {isa = PBXFileReference; fileEncoding = 4; lastKnownFileType = sourcecode.c.h; path = MKAnnotationAnimal.h; sourceTree = "<group>"; };
		05E0209718C23B7100AE76EC /* MKAnnotationAnimal.m */ = {isa = PBXFileReference; fileEncoding = 4; lastKnownFileType = sourcecode.c.objc; path = MKAnnotationAnimal.m; sourceTree = "<group>"; };
		05E1653C18F17E4800DA3BD7 /* pl */ = {isa = PBXFileReference; lastKnownFileType = text.plist.strings; name = pl; path = pl.lproj/Main.strings; sourceTree = "<group>"; };
		05E1653F18F17EAC00DA3BD7 /* en */ = {isa = PBXFileReference; lastKnownFileType = text.plist.strings; name = en; path = en.lproj/Main.strings; sourceTree = "<group>"; };
		05E1654718F1B51100DA3BD7 /* GastronomyDetailsInfoViewController.h */ = {isa = PBXFileReference; fileEncoding = 4; lastKnownFileType = sourcecode.c.h; path = GastronomyDetailsInfoViewController.h; sourceTree = "<group>"; };
		05E1654818F1B51100DA3BD7 /* GastronomyDetailsInfoViewController.m */ = {isa = PBXFileReference; fileEncoding = 4; lastKnownFileType = sourcecode.c.objc; path = GastronomyDetailsInfoViewController.m; sourceTree = "<group>"; };
		05E1654918F1B51100DA3BD7 /* GastronomyDetailsMenuTableViewController.h */ = {isa = PBXFileReference; fileEncoding = 4; lastKnownFileType = sourcecode.c.h; path = GastronomyDetailsMenuTableViewController.h; sourceTree = "<group>"; };
		05E1654A18F1B51100DA3BD7 /* GastronomyDetailsMenuTableViewController.m */ = {isa = PBXFileReference; fileEncoding = 4; lastKnownFileType = sourcecode.c.objc; path = GastronomyDetailsMenuTableViewController.m; sourceTree = "<group>"; };
		05E1654B18F1B51100DA3BD7 /* GastronomyDetailsViewController.h */ = {isa = PBXFileReference; fileEncoding = 4; lastKnownFileType = sourcecode.c.h; path = GastronomyDetailsViewController.h; sourceTree = "<group>"; };
		05E1654C18F1B51100DA3BD7 /* GastronomyDetailsViewController.m */ = {isa = PBXFileReference; fileEncoding = 4; lastKnownFileType = sourcecode.c.objc; path = GastronomyDetailsViewController.m; sourceTree = "<group>"; };
		05E1654D18F1B51100DA3BD7 /* GastronomyListViewController.h */ = {isa = PBXFileReference; fileEncoding = 4; lastKnownFileType = sourcecode.c.h; path = GastronomyListViewController.h; sourceTree = "<group>"; };
		05E1654E18F1B51100DA3BD7 /* GastronomyListViewController.m */ = {isa = PBXFileReference; fileEncoding = 4; lastKnownFileType = sourcecode.c.objc; path = GastronomyListViewController.m; sourceTree = "<group>"; };
		05E375C418BA872B00A31630 /* main.m */ = {isa = PBXFileReference; fileEncoding = 4; lastKnownFileType = sourcecode.c.objc; name = main.m; path = "Supporting Files/main.m"; sourceTree = "<group>"; };
		05E375C518BA872B00A31630 /* MWLogging.h */ = {isa = PBXFileReference; fileEncoding = 4; lastKnownFileType = sourcecode.c.h; name = MWLogging.h; path = "Supporting Files/MWLogging.h"; sourceTree = "<group>"; };
		05E375C618BA872B00A31630 /* MWLogging.m */ = {isa = PBXFileReference; fileEncoding = 4; lastKnownFileType = sourcecode.c.objc; name = MWLogging.m; path = "Supporting Files/MWLogging.m"; sourceTree = "<group>"; };
		05E375C718BA872B00A31630 /* MyGuide-Info.plist */ = {isa = PBXFileReference; fileEncoding = 4; lastKnownFileType = text.plist.xml; name = "MyGuide-Info.plist"; path = "Supporting Files/MyGuide-Info.plist"; sourceTree = "<group>"; };
		05E375C818BA872B00A31630 /* MyGuide-Prefix.pch */ = {isa = PBXFileReference; fileEncoding = 4; lastKnownFileType = sourcecode.c.h; name = "MyGuide-Prefix.pch"; path = "Supporting Files/MyGuide-Prefix.pch"; sourceTree = "<group>"; };
		3D5EF605189637C000233B64 /* MyGuide.app */ = {isa = PBXFileReference; explicitFileType = wrapper.application; includeInIndex = 0; path = MyGuide.app; sourceTree = BUILT_PRODUCTS_DIR; };
		3D5EF608189637C000233B64 /* Foundation.framework */ = {isa = PBXFileReference; lastKnownFileType = wrapper.framework; name = Foundation.framework; path = System/Library/Frameworks/Foundation.framework; sourceTree = SDKROOT; };
		3D5EF60A189637C000233B64 /* CoreGraphics.framework */ = {isa = PBXFileReference; lastKnownFileType = wrapper.framework; name = CoreGraphics.framework; path = System/Library/Frameworks/CoreGraphics.framework; sourceTree = SDKROOT; };
		3D5EF60C189637C000233B64 /* UIKit.framework */ = {isa = PBXFileReference; lastKnownFileType = wrapper.framework; name = UIKit.framework; path = System/Library/Frameworks/UIKit.framework; sourceTree = SDKROOT; };
		3D5EF612189637C000233B64 /* en */ = {isa = PBXFileReference; lastKnownFileType = text.plist.strings; name = en; path = en.lproj/Localizable.strings; sourceTree = "<group>"; };
		3D5EF617189637C000233B64 /* AppDelegate.h */ = {isa = PBXFileReference; lastKnownFileType = sourcecode.c.h; path = AppDelegate.h; sourceTree = "<group>"; };
		3D5EF618189637C000233B64 /* AppDelegate.m */ = {isa = PBXFileReference; lastKnownFileType = sourcecode.c.objc; path = AppDelegate.m; sourceTree = "<group>"; };
		3D5EF626189637C000233B64 /* MyGuideTests.xctest */ = {isa = PBXFileReference; explicitFileType = wrapper.cfbundle; includeInIndex = 0; path = MyGuideTests.xctest; sourceTree = BUILT_PRODUCTS_DIR; };
		3D5EF627189637C000233B64 /* XCTest.framework */ = {isa = PBXFileReference; lastKnownFileType = wrapper.framework; name = XCTest.framework; path = Library/Frameworks/XCTest.framework; sourceTree = DEVELOPER_DIR; };
		3D5EF62F189637C000233B64 /* MyGuideTests-Info.plist */ = {isa = PBXFileReference; lastKnownFileType = text.plist.xml; path = "MyGuideTests-Info.plist"; sourceTree = "<group>"; };
		3D5EF633189637C000233B64 /* MyGuideTests.m */ = {isa = PBXFileReference; lastKnownFileType = sourcecode.c.objc; path = MyGuideTests.m; sourceTree = "<group>"; };
		723A892518CE1AF400861274 /* pl */ = {isa = PBXFileReference; lastKnownFileType = text.plist.strings; name = pl; path = pl.lproj/Localizable.strings; sourceTree = "<group>"; };
		8421D32118BE3B5100B54DC3 /* Images.xcassets */ = {isa = PBXFileReference; lastKnownFileType = folder.assetcatalog; path = Images.xcassets; sourceTree = "<group>"; };
		8426164018DF9BB700927285 /* AnimalDetailsViewController.h */ = {isa = PBXFileReference; fileEncoding = 4; lastKnownFileType = sourcecode.c.h; path = AnimalDetailsViewController.h; sourceTree = "<group>"; };
		8426164118DF9BB700927285 /* AnimalDetailsViewController.m */ = {isa = PBXFileReference; fileEncoding = 4; lastKnownFileType = sourcecode.c.objc; path = AnimalDetailsViewController.m; sourceTree = "<group>"; };
		8460875518BDFA7F00620219 /* SettingsParser.h */ = {isa = PBXFileReference; fileEncoding = 4; lastKnownFileType = sourcecode.c.h; path = SettingsParser.h; sourceTree = "<group>"; };
		8460875618BDFA7F00620219 /* SettingsParser.m */ = {isa = PBXFileReference; fileEncoding = 4; lastKnownFileType = sourcecode.c.objc; path = SettingsParser.m; sourceTree = "<group>"; };
		8460875818BDFA8A00620219 /* Settings.h */ = {isa = PBXFileReference; fileEncoding = 4; lastKnownFileType = sourcecode.c.h; path = Settings.h; sourceTree = "<group>"; };
		8460875918BDFA8A00620219 /* Settings.m */ = {isa = PBXFileReference; fileEncoding = 4; lastKnownFileType = sourcecode.c.objc; path = Settings.m; sourceTree = "<group>"; };
		84DD035818BA8C7A00DE7178 /* config.xml */ = {isa = PBXFileReference; fileEncoding = 4; lastKnownFileType = text.xml; name = config.xml; path = "XML files/config.xml"; sourceTree = "<group>"; };
		84DD035918BA8C7A00DE7178 /* XMLFetcher.h */ = {isa = PBXFileReference; fileEncoding = 4; lastKnownFileType = sourcecode.c.h; name = XMLFetcher.h; path = "XML files/XMLFetcher.h"; sourceTree = "<group>"; };
		84DD035A18BA8C7A00DE7178 /* XMLFetcher.m */ = {isa = PBXFileReference; fileEncoding = 4; lastKnownFileType = sourcecode.c.objc; name = XMLFetcher.m; path = "XML files/XMLFetcher.m"; sourceTree = "<group>"; };
		84DDCB2918BA917800A2F720 /* AFAnimal.h */ = {isa = PBXFileReference; fileEncoding = 4; lastKnownFileType = sourcecode.c.h; path = AFAnimal.h; sourceTree = "<group>"; };
		84DDCB2A18BA917800A2F720 /* AFAnimal.m */ = {isa = PBXFileReference; fileEncoding = 4; lastKnownFileType = sourcecode.c.objc; path = AFAnimal.m; sourceTree = "<group>"; };
		84DDCB2B18BA917800A2F720 /* AFJunction.h */ = {isa = PBXFileReference; fileEncoding = 4; lastKnownFileType = sourcecode.c.h; path = AFJunction.h; sourceTree = "<group>"; };
		84DDCB2C18BA917800A2F720 /* AFJunction.m */ = {isa = PBXFileReference; fileEncoding = 4; lastKnownFileType = sourcecode.c.objc; path = AFJunction.m; sourceTree = "<group>"; };
		84DDCB2D18BA917800A2F720 /* AFNode.h */ = {isa = PBXFileReference; fileEncoding = 4; lastKnownFileType = sourcecode.c.h; path = AFNode.h; sourceTree = "<group>"; };
		84DDCB2E18BA917800A2F720 /* AFNode.m */ = {isa = PBXFileReference; fileEncoding = 4; lastKnownFileType = sourcecode.c.objc; path = AFNode.m; sourceTree = "<group>"; };
		84DDCB2F18BA917800A2F720 /* AFWay.h */ = {isa = PBXFileReference; fileEncoding = 4; lastKnownFileType = sourcecode.c.h; path = AFWay.h; sourceTree = "<group>"; };
		84DDCB3018BA917800A2F720 /* AFWay.m */ = {isa = PBXFileReference; fileEncoding = 4; lastKnownFileType = sourcecode.c.objc; path = AFWay.m; sourceTree = "<group>"; };
		84DDCB3618BA919600A2F720 /* AFXMLParser.h */ = {isa = PBXFileReference; fileEncoding = 4; lastKnownFileType = sourcecode.c.h; path = AFXMLParser.h; sourceTree = "<group>"; };
		84DDCB3718BA919600A2F720 /* AFXMLParser.m */ = {isa = PBXFileReference; fileEncoding = 4; lastKnownFileType = sourcecode.c.objc; path = AFXMLParser.m; sourceTree = "<group>"; };
		84DDCB4018BA91A100A2F720 /* AFParsedData.h */ = {isa = PBXFileReference; fileEncoding = 4; lastKnownFileType = sourcecode.c.h; path = AFParsedData.h; sourceTree = "<group>"; };
		84DDCB4118BA91A100A2F720 /* AFParsedData.m */ = {isa = PBXFileReference; fileEncoding = 4; lastKnownFileType = sourcecode.c.objc; path = AFParsedData.m; sourceTree = "<group>"; };
		84DDCB4918BA944800A2F720 /* DataParserTests.m */ = {isa = PBXFileReference; fileEncoding = 4; lastKnownFileType = sourcecode.c.objc; path = DataParserTests.m; sourceTree = "<group>"; };
/* End PBXFileReference section */

/* Begin PBXFrameworksBuildPhase section */
		3D5EF602189637C000233B64 /* Frameworks */ = {
			isa = PBXFrameworksBuildPhase;
			buildActionMask = 2147483647;
			files = (
				05E0209118C1D38000AE76EC /* MapKit.framework in Frameworks */,
				3D5EF60B189637C000233B64 /* CoreGraphics.framework in Frameworks */,
				3D5EF60D189637C000233B64 /* UIKit.framework in Frameworks */,
				3D5EF609189637C000233B64 /* Foundation.framework in Frameworks */,
			);
			runOnlyForDeploymentPostprocessing = 0;
		};
		3D5EF623189637C000233B64 /* Frameworks */ = {
			isa = PBXFrameworksBuildPhase;
			buildActionMask = 2147483647;
			files = (
				05DA78D718B96A07005D6C5F /* libOCMock.a in Frameworks */,
				84C266A518BAA26D00588D63 /* XCTest.framework in Frameworks */,
				3D5EF62A189637C000233B64 /* UIKit.framework in Frameworks */,
				3D5EF629189637C000233B64 /* Foundation.framework in Frameworks */,
			);
			runOnlyForDeploymentPostprocessing = 0;
		};
/* End PBXFrameworksBuildPhase section */

/* Begin PBXGroup section */
		0533DEF718DE0D04001BCB28 /* Library */ = {
			isa = PBXGroup;
			children = (
				0533DEF818DE0D27001BCB28 /* SWRevealViewController.h */,
				0533DEF918DE0D27001BCB28 /* SWRevealViewController.m */,
			);
			name = Library;
			sourceTree = "<group>";
		};
		05C925D118DDAFAD00C2F746 /* Documentation */ = {
			isa = PBXGroup;
			children = (
				05C925D218DDAFAD00C2F746 /* GPS.md */,
			);
			path = Documentation;
			sourceTree = "<group>";
		};
		05C925D418DDBA6000C2F746 /* Images */ = {
			isa = PBXGroup;
			children = (
				0533DEFE18DE1520001BCB28 /* menu.png */,
				0533DEFF18DE1520001BCB28 /* menu@2x.png */,
			);
			path = Images;
			sourceTree = "<group>";
		};
		05DA78BE18B968E5005D6C5F /* Parsers */ = {
			isa = PBXGroup;
			children = (
				05DA78BF18B968E5005D6C5F /* SettingsParserTest.m */,
				84DDCB4918BA944800A2F720 /* DataParserTests.m */,
			);
			path = Parsers;
			sourceTree = "<group>";
		};
		05DA78CC18B969BF005D6C5F /* OCMock */ = {
			isa = PBXGroup;
			children = (
				05DA78CD18B969BF005D6C5F /* headers */,
				05DA78D418B969BF005D6C5F /* libOCMock.a */,
			);
			name = OCMock;
			path = Frameworks/OCMock;
			sourceTree = "<group>";
		};
		05DA78CD18B969BF005D6C5F /* headers */ = {
			isa = PBXGroup;
			children = (
				05DA78CE18B969BF005D6C5F /* NSNotificationCenter+OCMAdditions.h */,
				05DA78CF18B969BF005D6C5F /* OCMArg.h */,
				05DA78D018B969BF005D6C5F /* OCMConstraint.h */,
				05DA78D118B969BF005D6C5F /* OCMock.h */,
				05DA78D218B969BF005D6C5F /* OCMockObject.h */,
				05DA78D318B969BF005D6C5F /* OCMockRecorder.h */,
			);
			path = headers;
			sourceTree = "<group>";
		};
		05E0209218C1DAFA00AE76EC /* Map */ = {
			isa = PBXGroup;
			children = (
				05CD409718DF6FD60065C04F /* MapViewController.h */,
				05CD409818DF6FD60065C04F /* MapViewController.m */,
				05E0209618C23B7100AE76EC /* MKAnnotationAnimal.h */,
				05E0209718C23B7100AE76EC /* MKAnnotationAnimal.m */,
				05C9265718DDDF1800C2F746 /* LocationManager.h */,
				05C9265818DDDF1800C2F746 /* LocationManager.m */,
				0531723F18F4A5B500FEC79F /* DetailsMapViewController.h */,
				0531724018F4A5B500FEC79F /* DetailsMapViewController.m */,
			);
			path = Map;
			sourceTree = "<group>";
		};
		05E1654618F1B4DE00DA3BD7 /* Gastronomy */ = {
			isa = PBXGroup;
			children = (
				05E1654718F1B51100DA3BD7 /* GastronomyDetailsInfoViewController.h */,
				05E1654818F1B51100DA3BD7 /* GastronomyDetailsInfoViewController.m */,
				05E1654918F1B51100DA3BD7 /* GastronomyDetailsMenuTableViewController.h */,
				05E1654A18F1B51100DA3BD7 /* GastronomyDetailsMenuTableViewController.m */,
				05E1654B18F1B51100DA3BD7 /* GastronomyDetailsViewController.h */,
				05E1654C18F1B51100DA3BD7 /* GastronomyDetailsViewController.m */,
				05E1654D18F1B51100DA3BD7 /* GastronomyListViewController.h */,
				05E1654E18F1B51100DA3BD7 /* GastronomyListViewController.m */,
				05406E3A18F2C6FF001656FC /* DishTableViewCell.h */,
				05406E3B18F2C6FF001656FC /* DishTableViewCell.m */,
			);
			path = Gastronomy;
			sourceTree = "<group>";
		};
		3D5EF5FC189637C000233B64 = {
			isa = PBXGroup;
			children = (
				3D5EF60E189637C000233B64 /* MyGuide */,
				3D5EF62D189637C000233B64 /* MyGuideTests */,
				3D5EF607189637C000233B64 /* Frameworks */,
				3D5EF606189637C000233B64 /* Products */,
				05C925D118DDAFAD00C2F746 /* Documentation */,
			);
			sourceTree = "<group>";
		};
		3D5EF606189637C000233B64 /* Products */ = {
			isa = PBXGroup;
			children = (
				3D5EF605189637C000233B64 /* MyGuide.app */,
				3D5EF626189637C000233B64 /* MyGuideTests.xctest */,
			);
			name = Products;
			sourceTree = "<group>";
		};
		3D5EF607189637C000233B64 /* Frameworks */ = {
			isa = PBXGroup;
			children = (
				05E0209018C1D38000AE76EC /* MapKit.framework */,
				05DA78CC18B969BF005D6C5F /* OCMock */,
				3D5EF608189637C000233B64 /* Foundation.framework */,
				3D5EF60A189637C000233B64 /* CoreGraphics.framework */,
				3D5EF60C189637C000233B64 /* UIKit.framework */,
				3D5EF627189637C000233B64 /* XCTest.framework */,
			);
			name = Frameworks;
			sourceTree = "<group>";
		};
		3D5EF60E189637C000233B64 /* MyGuide */ = {
			isa = PBXGroup;
			children = (
				0533DEF718DE0D04001BCB28 /* Library */,
				05C925D418DDBA6000C2F746 /* Images */,
				3D5EF617189637C000233B64 /* AppDelegate.h */,
				05E1654618F1B4DE00DA3BD7 /* Gastronomy */,
				3D5EF618189637C000233B64 /* AppDelegate.m */,
				3D5EF61A189637C000233B64 /* Main.storyboard */,
				8421D32118BE3B5100B54DC3 /* Images.xcassets */,
				05E0209218C1DAFA00AE76EC /* Map */,
				84DDCB3F18BA91A100A2F720 /* Storage */,
				84DDCB3518BA919600A2F720 /* Parsers */,
				84DDCB4618BA91CB00A2F720 /* XML files */,
				84DDCB2818BA917800A2F720 /* Models */,
				3D5EF60F189637C000233B64 /* Supporting Files */,
				0533DF0718DE333A001BCB28 /* SlideMenuViewController.h */,
				0533DF0818DE333A001BCB28 /* SlideMenuViewController.m */,
				0533DF0A18DE365D001BCB28 /* HomeViewController.h */,
				0533DF0B18DE365D001BCB28 /* HomeViewController.m */,
				055E88E718DF0D6F001CE07B /* AnimalsListViewController.h */,
				055E88E818DF0D6F001CE07B /* AnimalsListViewController.m */,
				8426164018DF9BB700927285 /* AnimalDetailsViewController.h */,
				8426164118DF9BB700927285 /* AnimalDetailsViewController.m */,
			);
			path = MyGuide;
			sourceTree = "<group>";
		};
		3D5EF60F189637C000233B64 /* Supporting Files */ = {
			isa = PBXGroup;
			children = (
				05E375C418BA872B00A31630 /* main.m */,
				05E375C518BA872B00A31630 /* MWLogging.h */,
				05E375C618BA872B00A31630 /* MWLogging.m */,
				05E375C718BA872B00A31630 /* MyGuide-Info.plist */,
				05E375C818BA872B00A31630 /* MyGuide-Prefix.pch */,
				3D5EF611189637C000233B64 /* Localizable.strings */,
			);
			name = "Supporting Files";
			sourceTree = "<group>";
		};
		3D5EF62D189637C000233B64 /* MyGuideTests */ = {
			isa = PBXGroup;
			children = (
				05DA78BE18B968E5005D6C5F /* Parsers */,
				3D5EF633189637C000233B64 /* MyGuideTests.m */,
				3D5EF62E189637C000233B64 /* Supporting Files */,
			);
			path = MyGuideTests;
			sourceTree = "<group>";
		};
		3D5EF62E189637C000233B64 /* Supporting Files */ = {
			isa = PBXGroup;
			children = (
				3D5EF62F189637C000233B64 /* MyGuideTests-Info.plist */,
			);
			name = "Supporting Files";
			sourceTree = "<group>";
		};
		84DDCB2818BA917800A2F720 /* Models */ = {
			isa = PBXGroup;
			children = (
				84DDCB2918BA917800A2F720 /* AFAnimal.h */,
				84DDCB2A18BA917800A2F720 /* AFAnimal.m */,
				84DDCB2B18BA917800A2F720 /* AFJunction.h */,
				84DDCB2C18BA917800A2F720 /* AFJunction.m */,
				84DDCB2D18BA917800A2F720 /* AFNode.h */,
				84DDCB2E18BA917800A2F720 /* AFNode.m */,
				84DDCB2F18BA917800A2F720 /* AFWay.h */,
				84DDCB3018BA917800A2F720 /* AFWay.m */,
				05406E4718F31AF6001656FC /* Dish.h */,
				05406E4818F31AF6001656FC /* Dish.m */,
				05406E4A18F31B06001656FC /* Restaurant.h */,
				05406E4B18F31B06001656FC /* Restaurant.m */,
				0509026718F45C7B00369B07 /* Translatable.h */,
				0509026818F45C7B00369B07 /* Translatable.m */,
			);
			path = Models;
			sourceTree = "<group>";
		};
		84DDCB3518BA919600A2F720 /* Parsers */ = {
			isa = PBXGroup;
			children = (
				8460875518BDFA7F00620219 /* SettingsParser.h */,
				8460875618BDFA7F00620219 /* SettingsParser.m */,
				84DDCB3618BA919600A2F720 /* AFXMLParser.h */,
				84DDCB3718BA919600A2F720 /* AFXMLParser.m */,
				05406E3D18F2EE1A001656FC /* GastronomyParser.h */,
				05406E3E18F2EE1A001656FC /* GastronomyParser.m */,
			);
			path = Parsers;
			sourceTree = "<group>";
		};
		84DDCB3F18BA91A100A2F720 /* Storage */ = {
			isa = PBXGroup;
			children = (
				8460875818BDFA8A00620219 /* Settings.h */,
				8460875918BDFA8A00620219 /* Settings.m */,
				84DDCB4018BA91A100A2F720 /* AFParsedData.h */,
				84DDCB4118BA91A100A2F720 /* AFParsedData.m */,
				05406E4418F31661001656FC /* GastronomyData.h */,
				05406E4518F31661001656FC /* GastronomyData.m */,
			);
			name = Storage;
			path = Singletons;
			sourceTree = "<group>";
		};
		84DDCB4618BA91CB00A2F720 /* XML files */ = {
			isa = PBXGroup;
			children = (
				84DD035818BA8C7A00DE7178 /* config.xml */,
				84DD035918BA8C7A00DE7178 /* XMLFetcher.h */,
				05406E4018F313A7001656FC /* gastronomy.xml */,
				84DD035A18BA8C7A00DE7178 /* XMLFetcher.m */,
				05406E4218F313B6001656FC /* data.xml */,
			);
			name = "XML files";
			sourceTree = "<group>";
		};
/* End PBXGroup section */

/* Begin PBXNativeTarget section */
		3D5EF604189637C000233B64 /* MyGuide */ = {
			isa = PBXNativeTarget;
			buildConfigurationList = 3D5EF637189637C000233B64 /* Build configuration list for PBXNativeTarget "MyGuide" */;
			buildPhases = (
				3D5EF601189637C000233B64 /* Sources */,
				3D5EF602189637C000233B64 /* Frameworks */,
				3D18529018B0EA0D003D17B9 /* ShellScript */,
				3D5EF603189637C000233B64 /* Resources */,
			);
			buildRules = (
			);
			dependencies = (
			);
			name = MyGuide;
			productName = MyGuide;
			productReference = 3D5EF605189637C000233B64 /* MyGuide.app */;
			productType = "com.apple.product-type.application";
		};
		3D5EF625189637C000233B64 /* MyGuideTests */ = {
			isa = PBXNativeTarget;
			buildConfigurationList = 3D5EF63A189637C000233B64 /* Build configuration list for PBXNativeTarget "MyGuideTests" */;
			buildPhases = (
				3D5EF622189637C000233B64 /* Sources */,
				3D5EF623189637C000233B64 /* Frameworks */,
				3D5EF624189637C000233B64 /* Resources */,
			);
			buildRules = (
			);
			dependencies = (
				3D5EF62C189637C000233B64 /* PBXTargetDependency */,
			);
			name = MyGuideTests;
			productName = MyGuideTests;
			productReference = 3D5EF626189637C000233B64 /* MyGuideTests.xctest */;
			productType = "com.apple.product-type.bundle.unit-test";
		};
/* End PBXNativeTarget section */

/* Begin PBXProject section */
		3D5EF5FD189637C000233B64 /* Project object */ = {
			isa = PBXProject;
			attributes = {
				LastUpgradeCheck = 0510;
				ORGANIZATIONNAME = "- Open Source (Apache 2.0 license)";
				TargetAttributes = {
					3D5EF604189637C000233B64 = {
						DevelopmentTeam = XTRY58ZV6V;
					};
					3D5EF625189637C000233B64 = {
						TestTargetID = 3D5EF604189637C000233B64;
					};
				};
			};
			buildConfigurationList = 3D5EF600189637C000233B64 /* Build configuration list for PBXProject "MyGuide" */;
			compatibilityVersion = "Xcode 3.2";
			developmentRegion = English;
			hasScannedForEncodings = 0;
			knownRegions = (
				en,
				Base,
				pl,
			);
			mainGroup = 3D5EF5FC189637C000233B64;
			productRefGroup = 3D5EF606189637C000233B64 /* Products */;
			projectDirPath = "";
			projectRoot = "";
			targets = (
				3D5EF604189637C000233B64 /* MyGuide */,
				3D5EF625189637C000233B64 /* MyGuideTests */,
			);
		};
/* End PBXProject section */

/* Begin PBXResourcesBuildPhase section */
		3D5EF603189637C000233B64 /* Resources */ = {
			isa = PBXResourcesBuildPhase;
			buildActionMask = 2147483647;
			files = (
				05C925D318DDAFAD00C2F746 /* GPS.md in Resources */,
				3DE69DA918C7B83400B54509 /* Localizable.strings in Resources */,
				84DD035B18BA8C7A00DE7178 /* config.xml in Resources */,
				0533DF0118DE1520001BCB28 /* menu.png in Resources */,
				05406E4318F313B6001656FC /* data.xml in Resources */,
				0533DF0218DE1520001BCB28 /* menu@2x.png in Resources */,
				3DDE538818C705B20062D217 /* Main.storyboard in Resources */,
				05406E4118F313A7001656FC /* gastronomy.xml in Resources */,
				8421D32218BE3B5100B54DC3 /* Images.xcassets in Resources */,
			);
			runOnlyForDeploymentPostprocessing = 0;
		};
		3D5EF624189637C000233B64 /* Resources */ = {
			isa = PBXResourcesBuildPhase;
			buildActionMask = 2147483647;
			files = (
			);
			runOnlyForDeploymentPostprocessing = 0;
		};
/* End PBXResourcesBuildPhase section */

/* Begin PBXShellScriptBuildPhase section */
		3D18529018B0EA0D003D17B9 /* ShellScript */ = {
			isa = PBXShellScriptBuildPhase;
			buildActionMask = 2147483647;
			files = (
			);
			inputPaths = (
			);
			outputPaths = (
			);
			runOnlyForDeploymentPostprocessing = 0;
			shellPath = /bin/sh;
			shellScript = "#!/bin/bash\n\necho \"SRCROOT=$SRCROOT\"\n\nif [[ $CONFIGURATION == Debug* ]]; then\necho \"+++ In Debug: build version is not incremented.\"\nexit 0\nfi\n\nbuildVersion=$(/usr/libexec/PlistBuddy -c \"Print CFBundleVersion\" \"$INFOPLIST_FILE\")\n\nsprintNumber=$(echo $buildVersion | sed -E 's#([0-9]*)\\.([0-9]*)\\.([0-9]*)#\\2#g')\nbuildNumber=$(echo $buildVersion | sed -E 's#([0-9]*)\\.([0-9]*)\\.([0-9]*)#\\3#g')\nbuildNumber=$(($buildNumber + 1))\nbuildVersion=$(echo $buildVersion | sed -E \"s#([0-9]*)\\.([0-9]*)\\.([0-9]*)#\\1\\.\\2\\.$buildNumber#g\")\n\n/usr/libexec/PlistBuddy -c \"Set :CFBundleVersion $buildVersion\" \"$INFOPLIST_FILE\"\n/usr/libexec/PlistBuddy -c \"Set :CFBundleShortVersionString $buildVersion\" \"$INFOPLIST_FILE\"\necho \"+++ In Release: incremented build number to $buildNumber and sprint number to $sprintNumber. Current build version $buildVersion.\"";
		};
/* End PBXShellScriptBuildPhase section */

/* Begin PBXSourcesBuildPhase section */
		3D5EF601189637C000233B64 /* Sources */ = {
			isa = PBXSourcesBuildPhase;
			buildActionMask = 2147483647;
			files = (
				055E88E918DF0D6F001CE07B /* AnimalsListViewController.m in Sources */,
				84DDCB4418BA91A100A2F720 /* AFParsedData.m in Sources */,
				8460875718BDFA7F00620219 /* SettingsParser.m in Sources */,
				0533DEFA18DE0D27001BCB28 /* SWRevealViewController.m in Sources */,
				8460875A18BDFA8A00620219 /* Settings.m in Sources */,
				84DDCB3318BA917800A2F720 /* AFNode.m in Sources */,
				05E1655018F1B51100DA3BD7 /* GastronomyDetailsMenuTableViewController.m in Sources */,
				84DDCB3218BA917800A2F720 /* AFJunction.m in Sources */,
				05CD409918DF6FD60065C04F /* MapViewController.m in Sources */,
				84DDCB3418BA917800A2F720 /* AFWay.m in Sources */,
				05C9265918DDDF1800C2F746 /* LocationManager.m in Sources */,
				05406E3C18F2C6FF001656FC /* DishTableViewCell.m in Sources */,
				84DDCB3C18BA919600A2F720 /* AFXMLParser.m in Sources */,
				05E1654F18F1B51100DA3BD7 /* GastronomyDetailsInfoViewController.m in Sources */,
				05E1655118F1B51100DA3BD7 /* GastronomyDetailsViewController.m in Sources */,
				0533DF0C18DE365D001BCB28 /* HomeViewController.m in Sources */,
				05E1655218F1B51100DA3BD7 /* GastronomyListViewController.m in Sources */,
				05406E4918F31AF6001656FC /* Dish.m in Sources */,
				05406E4618F31661001656FC /* GastronomyData.m in Sources */,
				84DD035C18BA8C7A00DE7178 /* XMLFetcher.m in Sources */,
				0533DF0918DE333A001BCB28 /* SlideMenuViewController.m in Sources */,
				84DDCB3118BA917800A2F720 /* AFAnimal.m in Sources */,
				05406E4C18F31B06001656FC /* Restaurant.m in Sources */,
				0531724118F4A5B500FEC79F /* DetailsMapViewController.m in Sources */,
				3D5EF619189637C000233B64 /* AppDelegate.m in Sources */,
				05E375CB18BA872B00A31630 /* MWLogging.m in Sources */,
				05E375C918BA872B00A31630 /* main.m in Sources */,
				0509026918F45C7B00369B07 /* Translatable.m in Sources */,
				05E0209818C23B7100AE76EC /* MKAnnotationAnimal.m in Sources */,
				8426164218DF9BB700927285 /* AnimalDetailsViewController.m in Sources */,
				05406E3F18F2EE1A001656FC /* GastronomyParser.m in Sources */,
			);
			runOnlyForDeploymentPostprocessing = 0;
		};
		3D5EF622189637C000233B64 /* Sources */ = {
			isa = PBXSourcesBuildPhase;
			buildActionMask = 2147483647;
			files = (
				84F184A218B9537200658238 /* MyGuideTests.m in Sources */,
				84DDCB4A18BA944800A2F720 /* DataParserTests.m in Sources */,
				05E375CC18BA872B00A31630 /* MWLogging.m in Sources */,
				05E375CA18BA872B00A31630 /* main.m in Sources */,
				05DA78C018B968E5005D6C5F /* SettingsParserTest.m in Sources */,
			);
			runOnlyForDeploymentPostprocessing = 0;
		};
/* End PBXSourcesBuildPhase section */

/* Begin PBXTargetDependency section */
		3D5EF62C189637C000233B64 /* PBXTargetDependency */ = {
			isa = PBXTargetDependency;
			target = 3D5EF604189637C000233B64 /* MyGuide */;
			targetProxy = 3D5EF62B189637C000233B64 /* PBXContainerItemProxy */;
		};
/* End PBXTargetDependency section */

/* Begin PBXVariantGroup section */
		3D5EF611189637C000233B64 /* Localizable.strings */ = {
			isa = PBXVariantGroup;
			children = (
				3D5EF612189637C000233B64 /* en */,
				723A892518CE1AF400861274 /* pl */,
			);
			name = Localizable.strings;
			sourceTree = "<group>";
		};
		3D5EF61A189637C000233B64 /* Main.storyboard */ = {
			isa = PBXVariantGroup;
			children = (
				057F9EC618E7760A001DE63B /* Base */,
				05E1653C18F17E4800DA3BD7 /* pl */,
				05E1653F18F17EAC00DA3BD7 /* en */,
			);
			name = Main.storyboard;
			sourceTree = "<group>";
		};
/* End PBXVariantGroup section */

/* Begin XCBuildConfiguration section */
		3D5EF635189637C000233B64 /* Debug */ = {
			isa = XCBuildConfiguration;
			buildSettings = {
				ALWAYS_SEARCH_USER_PATHS = NO;
				CLANG_CXX_LANGUAGE_STANDARD = "gnu++0x";
				CLANG_CXX_LIBRARY = "libc++";
				CLANG_ENABLE_MODULES = YES;
				CLANG_ENABLE_OBJC_ARC = YES;
				CLANG_WARN_BOOL_CONVERSION = YES;
				CLANG_WARN_CONSTANT_CONVERSION = YES;
				CLANG_WARN_DIRECT_OBJC_ISA_USAGE = YES_ERROR;
				CLANG_WARN_EMPTY_BODY = YES;
				CLANG_WARN_ENUM_CONVERSION = YES;
				CLANG_WARN_INT_CONVERSION = YES;
				CLANG_WARN_OBJC_ROOT_CLASS = YES_ERROR;
				CLANG_WARN__DUPLICATE_METHOD_MATCH = YES;
				CODE_SIGN_IDENTITY = "iPhone Developer";
				"CODE_SIGN_IDENTITY[sdk=iphoneos*]" = "iPhone Developer";
				COPY_PHASE_STRIP = NO;
				GCC_C_LANGUAGE_STANDARD = gnu99;
				GCC_DYNAMIC_NO_PIC = NO;
				GCC_OPTIMIZATION_LEVEL = 0;
				GCC_PREPROCESSOR_DEFINITIONS = (
					"DEBUG=1",
					"$(inherited)",
				);
				GCC_SYMBOLS_PRIVATE_EXTERN = NO;
				GCC_WARN_64_TO_32_BIT_CONVERSION = YES;
				GCC_WARN_ABOUT_RETURN_TYPE = YES_ERROR;
				GCC_WARN_UNDECLARED_SELECTOR = YES;
				GCC_WARN_UNINITIALIZED_AUTOS = YES;
				GCC_WARN_UNUSED_FUNCTION = YES;
				GCC_WARN_UNUSED_VARIABLE = YES;
				IPHONEOS_DEPLOYMENT_TARGET = 7.0;
				ONLY_ACTIVE_ARCH = YES;
				SDKROOT = iphoneos;
			};
			name = Debug;
		};
		3D5EF636189637C000233B64 /* Release */ = {
			isa = XCBuildConfiguration;
			buildSettings = {
				ALWAYS_SEARCH_USER_PATHS = NO;
				CLANG_CXX_LANGUAGE_STANDARD = "gnu++0x";
				CLANG_CXX_LIBRARY = "libc++";
				CLANG_ENABLE_MODULES = YES;
				CLANG_ENABLE_OBJC_ARC = YES;
				CLANG_WARN_BOOL_CONVERSION = YES;
				CLANG_WARN_CONSTANT_CONVERSION = YES;
				CLANG_WARN_DIRECT_OBJC_ISA_USAGE = YES_ERROR;
				CLANG_WARN_EMPTY_BODY = YES;
				CLANG_WARN_ENUM_CONVERSION = YES;
				CLANG_WARN_INT_CONVERSION = YES;
				CLANG_WARN_OBJC_ROOT_CLASS = YES_ERROR;
				CLANG_WARN__DUPLICATE_METHOD_MATCH = YES;
				CODE_SIGN_IDENTITY = "iPhone Distribution";
				"CODE_SIGN_IDENTITY[sdk=iphoneos*]" = "iPhone Distribution: BLStream (XTRY58ZV6V)";
				COPY_PHASE_STRIP = YES;
				ENABLE_NS_ASSERTIONS = NO;
				GCC_C_LANGUAGE_STANDARD = gnu99;
				GCC_WARN_64_TO_32_BIT_CONVERSION = YES;
				GCC_WARN_ABOUT_RETURN_TYPE = YES_ERROR;
				GCC_WARN_UNDECLARED_SELECTOR = YES;
				GCC_WARN_UNINITIALIZED_AUTOS = YES;
				GCC_WARN_UNUSED_FUNCTION = YES;
				GCC_WARN_UNUSED_VARIABLE = YES;
				IPHONEOS_DEPLOYMENT_TARGET = 7.0;
				SDKROOT = iphoneos;
				VALIDATE_PRODUCT = YES;
			};
			name = Release;
		};
		3D5EF638189637C000233B64 /* Debug */ = {
			isa = XCBuildConfiguration;
			buildSettings = {
				ALWAYS_SEARCH_USER_PATHS = YES;
				ASSETCATALOG_COMPILER_APPICON_NAME = AppIcon;
				ASSETCATALOG_COMPILER_LAUNCHIMAGE_NAME = LaunchImage;
				CODE_SIGN_IDENTITY = "iPhone Developer";
				"CODE_SIGN_IDENTITY[sdk=iphoneos*]" = "iPhone Developer";
				GCC_PRECOMPILE_PREFIX_HEADER = YES;
				GCC_PREFIX_HEADER = "MyGuide/Supporting Files/MyGuide-Prefix.pch";
				GCC_PREPROCESSOR_DEFINITIONS = (
					"DEBUG=1",
					"$(inherited)",
				);
				INFOPLIST_FILE = "$(SRCROOT)/MyGuide/Supporting Files/MyGuide-Info.plist";
				IPHONEOS_DEPLOYMENT_TARGET = 6.0;
				LIBRARY_SEARCH_PATHS = (
					"$(inherited)",
					"$(SRCROOT)/Frameworks/OCMock",
				);
				PRODUCT_NAME = "$(TARGET_NAME)";
				PROVISIONING_PROFILE = "";
				SCAN_ALL_SOURCE_FILES_FOR_INCLUDES = YES;
				WRAPPER_EXTENSION = app;
			};
			name = Debug;
		};
		3D5EF639189637C000233B64 /* Release */ = {
			isa = XCBuildConfiguration;
			buildSettings = {
				ALWAYS_SEARCH_USER_PATHS = YES;
				ASSETCATALOG_COMPILER_APPICON_NAME = AppIcon;
				ASSETCATALOG_COMPILER_LAUNCHIMAGE_NAME = LaunchImage;
				CODE_SIGN_IDENTITY = "iPhone Distribution";
				"CODE_SIGN_IDENTITY[sdk=iphoneos*]" = "iPhone Distribution: BLStream (XTRY58ZV6V)";
				GCC_PRECOMPILE_PREFIX_HEADER = YES;
				GCC_PREFIX_HEADER = "MyGuide/Supporting Files/MyGuide-Prefix.pch";
				GCC_PREPROCESSOR_DEFINITIONS = "DEBUG=1";
				INFOPLIST_FILE = "$(SRCROOT)/MyGuide/Supporting Files/MyGuide-Info.plist";
				IPHONEOS_DEPLOYMENT_TARGET = 6.0;
				LIBRARY_SEARCH_PATHS = (
					"$(inherited)",
					"$(SRCROOT)/Frameworks/OCMock",
				);
				PRODUCT_NAME = "$(TARGET_NAME)";
				PROVISIONING_PROFILE = "";
				SCAN_ALL_SOURCE_FILES_FOR_INCLUDES = YES;
				WRAPPER_EXTENSION = app;
			};
			name = Release;
		};
		3D5EF63B189637C000233B64 /* Debug */ = {
			isa = XCBuildConfiguration;
			buildSettings = {
				BUNDLE_LOADER = "$(BUILT_PRODUCTS_DIR)/MyGuide.app/MyGuide";
				FRAMEWORK_SEARCH_PATHS = (
					"$(SDKROOT)/Developer/Library/Frameworks",
					"$(inherited)",
					"$(DEVELOPER_FRAMEWORKS_DIR)",
				);
				GCC_PRECOMPILE_PREFIX_HEADER = YES;
				GCC_PREFIX_HEADER = "MyGuide/Supporting Files/MyGuide-Prefix.pch";
				GCC_PREPROCESSOR_DEFINITIONS = (
					"DEBUG=1",
					"$(inherited)",
				);
				HEADER_SEARCH_PATHS = (
					"$(inherited)",
					/Applications/Xcode.app/Contents/Developer/Toolchains/XcodeDefault.xctoolchain/usr/include,
					"$(SRCROOT)/Frameworks/OCMock/headers",
				);
				INFOPLIST_FILE = "MyGuideTests/MyGuideTests-Info.plist";
				LIBRARY_SEARCH_PATHS = (
					"$(inherited)",
					"$(SRCROOT)/Frameworks/OCMock",
				);
				OTHER_LDFLAGS = (
					"$(inherited)",
					"-framework",
					XCTest,
					"-ObjC",
					"-force_load",
					"$(SRCROOT)/Frameworks/OCMock/libOCMock.a",
				);
				PRODUCT_NAME = "$(TARGET_NAME)";
				TEST_HOST = "$(BUNDLE_LOADER)";
				WRAPPER_EXTENSION = xctest;
			};
			name = Debug;
		};
		3D5EF63C189637C000233B64 /* Release */ = {
			isa = XCBuildConfiguration;
			buildSettings = {
				BUNDLE_LOADER = "$(BUILT_PRODUCTS_DIR)/MyGuide.app/MyGuide";
				FRAMEWORK_SEARCH_PATHS = (
					"$(SDKROOT)/Developer/Library/Frameworks",
					"$(inherited)",
					"$(DEVELOPER_FRAMEWORKS_DIR)",
				);
				GCC_PRECOMPILE_PREFIX_HEADER = YES;
				GCC_PREFIX_HEADER = "MyGuide/Supporting Files/MyGuide-Prefix.pch";
				HEADER_SEARCH_PATHS = (
					"$(inherited)",
					/Applications/Xcode.app/Contents/Developer/Toolchains/XcodeDefault.xctoolchain/usr/include,
					"$(SRCROOT)/Frameworks/OCMock/headers",
				);
				INFOPLIST_FILE = "MyGuideTests/MyGuideTests-Info.plist";
				LIBRARY_SEARCH_PATHS = (
					"$(inherited)",
					"$(SRCROOT)/Frameworks/OCMock",
				);
				OTHER_LDFLAGS = (
					"$(inherited)",
					"-framework",
					XCTest,
					"-ObjC",
					"-force_load",
					"$(SRCROOT)/Frameworks/OCMock/libOCMock.a",
				);
				PRODUCT_NAME = "$(TARGET_NAME)";
				TEST_HOST = "$(BUNDLE_LOADER)";
				WRAPPER_EXTENSION = xctest;
			};
			name = Release;
		};
/* End XCBuildConfiguration section */

/* Begin XCConfigurationList section */
		3D5EF600189637C000233B64 /* Build configuration list for PBXProject "MyGuide" */ = {
			isa = XCConfigurationList;
			buildConfigurations = (
				3D5EF635189637C000233B64 /* Debug */,
				3D5EF636189637C000233B64 /* Release */,
			);
			defaultConfigurationIsVisible = 0;
			defaultConfigurationName = Release;
		};
		3D5EF637189637C000233B64 /* Build configuration list for PBXNativeTarget "MyGuide" */ = {
			isa = XCConfigurationList;
			buildConfigurations = (
				3D5EF638189637C000233B64 /* Debug */,
				3D5EF639189637C000233B64 /* Release */,
			);
			defaultConfigurationIsVisible = 0;
			defaultConfigurationName = Release;
		};
		3D5EF63A189637C000233B64 /* Build configuration list for PBXNativeTarget "MyGuideTests" */ = {
			isa = XCConfigurationList;
			buildConfigurations = (
				3D5EF63B189637C000233B64 /* Debug */,
				3D5EF63C189637C000233B64 /* Release */,
			);
			defaultConfigurationIsVisible = 0;
			defaultConfigurationName = Release;
		};
/* End XCConfigurationList section */
	};
	rootObject = 3D5EF5FD189637C000233B64 /* Project object */;
}
