// !$*UTF8*$!
{
	archiveVersion = 1;
	classes = {
	};
	objectVersion = 46;
	objects = {

/* Begin PBXBuildFile section */
		3D5EF609189637C000233B64 /* Foundation.framework in Frameworks */ = {isa = PBXBuildFile; fileRef = 3D5EF608189637C000233B64 /* Foundation.framework */; };
		3D5EF60B189637C000233B64 /* CoreGraphics.framework in Frameworks */ = {isa = PBXBuildFile; fileRef = 3D5EF60A189637C000233B64 /* CoreGraphics.framework */; };
		3D5EF60D189637C000233B64 /* UIKit.framework in Frameworks */ = {isa = PBXBuildFile; fileRef = 3D5EF60C189637C000233B64 /* UIKit.framework */; };
		3D5EF613189637C000233B64 /* InfoPlist.strings in Resources */ = {isa = PBXBuildFile; fileRef = 3D5EF611189637C000233B64 /* InfoPlist.strings */; };
		3D5EF615189637C000233B64 /* main.m in Sources */ = {isa = PBXBuildFile; fileRef = 3D5EF614189637C000233B64 /* main.m */; };
		3D5EF619189637C000233B64 /* AppDelegate.m in Sources */ = {isa = PBXBuildFile; fileRef = 3D5EF618189637C000233B64 /* AppDelegate.m */; };
		3D5EF61C189637C000233B64 /* Main.storyboard in Resources */ = {isa = PBXBuildFile; fileRef = 3D5EF61A189637C000233B64 /* Main.storyboard */; };
		3D5EF61F189637C000233B64 /* ViewController.m in Sources */ = {isa = PBXBuildFile; fileRef = 3D5EF61E189637C000233B64 /* ViewController.m */; };
		3D5EF621189637C000233B64 /* Images.xcassets in Resources */ = {isa = PBXBuildFile; fileRef = 3D5EF620189637C000233B64 /* Images.xcassets */; };
		3D5EF628189637C000233B64 /* XCTest.framework in Frameworks */ = {isa = PBXBuildFile; fileRef = 3D5EF627189637C000233B64 /* XCTest.framework */; };
		3D5EF629189637C000233B64 /* Foundation.framework in Frameworks */ = {isa = PBXBuildFile; fileRef = 3D5EF608189637C000233B64 /* Foundation.framework */; };
		3D5EF62A189637C000233B64 /* UIKit.framework in Frameworks */ = {isa = PBXBuildFile; fileRef = 3D5EF60C189637C000233B64 /* UIKit.framework */; };
		3D5EF632189637C000233B64 /* InfoPlist.strings in Resources */ = {isa = PBXBuildFile; fileRef = 3D5EF630189637C000233B64 /* InfoPlist.strings */; };
		844D5F0218B400D30018C970 /* AFAnimal.m in Sources */ = {isa = PBXBuildFile; fileRef = 844D5F0118B400D30018C970 /* AFAnimal.m */; };
		844D5F0518B400E70018C970 /* AFWay.m in Sources */ = {isa = PBXBuildFile; fileRef = 844D5F0418B400E70018C970 /* AFWay.m */; };
		844D5F0918B411F70018C970 /* AFNode.m in Sources */ = {isa = PBXBuildFile; fileRef = 844D5F0818B411F70018C970 /* AFNode.m */; };
		844D5F0C18B414060018C970 /* AFParsedData.m in Sources */ = {isa = PBXBuildFile; fileRef = 844D5F0B18B414060018C970 /* AFParsedData.m */; };
		844D5F0F18B41CEE0018C970 /* AFXMLParser.m in Sources */ = {isa = PBXBuildFile; fileRef = 844D5F0E18B41CEE0018C970 /* AFXMLParser.m */; };
		844D5F1118B41F470018C970 /* data.xml in Resources */ = {isa = PBXBuildFile; fileRef = 844D5F1018B41F470018C970 /* data.xml */; };
		844D5F1418B53EE20018C970 /* AFJunction.m in Sources */ = {isa = PBXBuildFile; fileRef = 844D5F1318B53EE20018C970 /* AFJunction.m */; };
		84F184A218B9537200658238 /* MyGuideTests.m in Sources */ = {isa = PBXBuildFile; fileRef = 3D5EF633189637C000233B64 /* MyGuideTests.m */; };
/* End PBXBuildFile section */

/* Begin PBXContainerItemProxy section */
		3D5EF62B189637C000233B64 /* PBXContainerItemProxy */ = {
			isa = PBXContainerItemProxy;
			containerPortal = 3D5EF5FD189637C000233B64 /* Project object */;
			proxyType = 1;
			remoteGlobalIDString = 3D5EF604189637C000233B64;
			remoteInfo = MyGuide;
		};
/* End PBXContainerItemProxy section */

/* Begin PBXFileReference section */
		3D5EF605189637C000233B64 /* MyGuide.app */ = {isa = PBXFileReference; explicitFileType = wrapper.application; includeInIndex = 0; path = MyGuide.app; sourceTree = BUILT_PRODUCTS_DIR; };
		3D5EF608189637C000233B64 /* Foundation.framework */ = {isa = PBXFileReference; lastKnownFileType = wrapper.framework; name = Foundation.framework; path = System/Library/Frameworks/Foundation.framework; sourceTree = SDKROOT; };
		3D5EF60A189637C000233B64 /* CoreGraphics.framework */ = {isa = PBXFileReference; lastKnownFileType = wrapper.framework; name = CoreGraphics.framework; path = System/Library/Frameworks/CoreGraphics.framework; sourceTree = SDKROOT; };
		3D5EF60C189637C000233B64 /* UIKit.framework */ = {isa = PBXFileReference; lastKnownFileType = wrapper.framework; name = UIKit.framework; path = System/Library/Frameworks/UIKit.framework; sourceTree = SDKROOT; };
		3D5EF610189637C000233B64 /* MyGuide-Info.plist */ = {isa = PBXFileReference; lastKnownFileType = text.plist.xml; path = "MyGuide-Info.plist"; sourceTree = "<group>"; };
		3D5EF612189637C000233B64 /* en */ = {isa = PBXFileReference; lastKnownFileType = text.plist.strings; name = en; path = en.lproj/InfoPlist.strings; sourceTree = "<group>"; };
		3D5EF614189637C000233B64 /* main.m */ = {isa = PBXFileReference; lastKnownFileType = sourcecode.c.objc; path = main.m; sourceTree = "<group>"; };
		3D5EF616189637C000233B64 /* MyGuide-Prefix.pch */ = {isa = PBXFileReference; lastKnownFileType = sourcecode.c.h; path = "MyGuide-Prefix.pch"; sourceTree = "<group>"; };
		3D5EF617189637C000233B64 /* AppDelegate.h */ = {isa = PBXFileReference; lastKnownFileType = sourcecode.c.h; path = AppDelegate.h; sourceTree = "<group>"; };
		3D5EF618189637C000233B64 /* AppDelegate.m */ = {isa = PBXFileReference; lastKnownFileType = sourcecode.c.objc; path = AppDelegate.m; sourceTree = "<group>"; };
		3D5EF61B189637C000233B64 /* Base */ = {isa = PBXFileReference; lastKnownFileType = file.storyboard; name = Base; path = Base.lproj/Main.storyboard; sourceTree = "<group>"; };
		3D5EF61D189637C000233B64 /* ViewController.h */ = {isa = PBXFileReference; lastKnownFileType = sourcecode.c.h; path = ViewController.h; sourceTree = "<group>"; };
		3D5EF61E189637C000233B64 /* ViewController.m */ = {isa = PBXFileReference; lastKnownFileType = sourcecode.c.objc; path = ViewController.m; sourceTree = "<group>"; };
		3D5EF620189637C000233B64 /* Images.xcassets */ = {isa = PBXFileReference; lastKnownFileType = folder.assetcatalog; path = Images.xcassets; sourceTree = "<group>"; };
		3D5EF626189637C000233B64 /* MyGuideTests.xctest */ = {isa = PBXFileReference; explicitFileType = wrapper.cfbundle; includeInIndex = 0; path = MyGuideTests.xctest; sourceTree = BUILT_PRODUCTS_DIR; };
		3D5EF627189637C000233B64 /* XCTest.framework */ = {isa = PBXFileReference; lastKnownFileType = wrapper.framework; name = XCTest.framework; path = Library/Frameworks/XCTest.framework; sourceTree = DEVELOPER_DIR; };
		3D5EF62F189637C000233B64 /* MyGuideTests-Info.plist */ = {isa = PBXFileReference; lastKnownFileType = text.plist.xml; path = "MyGuideTests-Info.plist"; sourceTree = "<group>"; };
		3D5EF631189637C000233B64 /* en */ = {isa = PBXFileReference; lastKnownFileType = text.plist.strings; name = en; path = en.lproj/InfoPlist.strings; sourceTree = "<group>"; };
		3D5EF633189637C000233B64 /* MyGuideTests.m */ = {isa = PBXFileReference; lastKnownFileType = sourcecode.c.objc; path = MyGuideTests.m; sourceTree = "<group>"; };
		844D5F0018B400D30018C970 /* AFAnimal.h */ = {isa = PBXFileReference; fileEncoding = 4; lastKnownFileType = sourcecode.c.h; path = AFAnimal.h; sourceTree = "<group>"; };
		844D5F0118B400D30018C970 /* AFAnimal.m */ = {isa = PBXFileReference; fileEncoding = 4; lastKnownFileType = sourcecode.c.objc; path = AFAnimal.m; sourceTree = "<group>"; };
		844D5F0318B400E70018C970 /* AFWay.h */ = {isa = PBXFileReference; fileEncoding = 4; lastKnownFileType = sourcecode.c.h; path = AFWay.h; sourceTree = "<group>"; };
		844D5F0418B400E70018C970 /* AFWay.m */ = {isa = PBXFileReference; fileEncoding = 4; lastKnownFileType = sourcecode.c.objc; path = AFWay.m; sourceTree = "<group>"; };
		844D5F0718B411F70018C970 /* AFNode.h */ = {isa = PBXFileReference; fileEncoding = 4; lastKnownFileType = sourcecode.c.h; path = AFNode.h; sourceTree = "<group>"; };
		844D5F0818B411F70018C970 /* AFNode.m */ = {isa = PBXFileReference; fileEncoding = 4; lastKnownFileType = sourcecode.c.objc; path = AFNode.m; sourceTree = "<group>"; };
		844D5F0A18B414060018C970 /* AFParsedData.h */ = {isa = PBXFileReference; fileEncoding = 4; lastKnownFileType = sourcecode.c.h; path = AFParsedData.h; sourceTree = "<group>"; };
		844D5F0B18B414060018C970 /* AFParsedData.m */ = {isa = PBXFileReference; fileEncoding = 4; lastKnownFileType = sourcecode.c.objc; path = AFParsedData.m; sourceTree = "<group>"; };
		844D5F0D18B41CEE0018C970 /* AFXMLParser.h */ = {isa = PBXFileReference; fileEncoding = 4; lastKnownFileType = sourcecode.c.h; path = AFXMLParser.h; sourceTree = "<group>"; };
		844D5F0E18B41CEE0018C970 /* AFXMLParser.m */ = {isa = PBXFileReference; fileEncoding = 4; lastKnownFileType = sourcecode.c.objc; path = AFXMLParser.m; sourceTree = "<group>"; };
		844D5F1018B41F470018C970 /* data.xml */ = {isa = PBXFileReference; lastKnownFileType = text.xml; name = data.xml; path = "XML files/data.xml"; sourceTree = "<group>"; };
		844D5F1218B53EE20018C970 /* AFJunction.h */ = {isa = PBXFileReference; fileEncoding = 4; lastKnownFileType = sourcecode.c.h; path = AFJunction.h; sourceTree = "<group>"; };
		844D5F1318B53EE20018C970 /* AFJunction.m */ = {isa = PBXFileReference; fileEncoding = 4; lastKnownFileType = sourcecode.c.objc; path = AFJunction.m; sourceTree = "<group>"; };
/* End PBXFileReference section */

/* Begin PBXFrameworksBuildPhase section */
		3D5EF602189637C000233B64 /* Frameworks */ = {
			isa = PBXFrameworksBuildPhase;
			buildActionMask = 2147483647;
			files = (
				3D5EF60B189637C000233B64 /* CoreGraphics.framework in Frameworks */,
				3D5EF60D189637C000233B64 /* UIKit.framework in Frameworks */,
				3D5EF609189637C000233B64 /* Foundation.framework in Frameworks */,
			);
			runOnlyForDeploymentPostprocessing = 0;
		};
		3D5EF623189637C000233B64 /* Frameworks */ = {
			isa = PBXFrameworksBuildPhase;
			buildActionMask = 2147483647;
			files = (
				3D5EF628189637C000233B64 /* XCTest.framework in Frameworks */,
				3D5EF62A189637C000233B64 /* UIKit.framework in Frameworks */,
				3D5EF629189637C000233B64 /* Foundation.framework in Frameworks */,
			);
			runOnlyForDeploymentPostprocessing = 0;
		};
/* End PBXFrameworksBuildPhase section */

/* Begin PBXGroup section */
		3D5EF5FC189637C000233B64 = {
			isa = PBXGroup;
			children = (
				3D5EF60E189637C000233B64 /* MyGuide */,
				3D5EF62D189637C000233B64 /* MyGuideTests */,
				3D5EF607189637C000233B64 /* Frameworks */,
				3D5EF606189637C000233B64 /* Products */,
			);
			sourceTree = "<group>";
		};
		3D5EF606189637C000233B64 /* Products */ = {
			isa = PBXGroup;
			children = (
				3D5EF605189637C000233B64 /* MyGuide.app */,
				3D5EF626189637C000233B64 /* MyGuideTests.xctest */,
			);
			name = Products;
			sourceTree = "<group>";
		};
		3D5EF607189637C000233B64 /* Frameworks */ = {
			isa = PBXGroup;
			children = (
				3D5EF608189637C000233B64 /* Foundation.framework */,
				3D5EF60A189637C000233B64 /* CoreGraphics.framework */,
				3D5EF60C189637C000233B64 /* UIKit.framework */,
				3D5EF627189637C000233B64 /* XCTest.framework */,
			);
			name = Frameworks;
			sourceTree = "<group>";
		};
		3D5EF60E189637C000233B64 /* MyGuide */ = {
			isa = PBXGroup;
			children = (
				3D5EF617189637C000233B64 /* AppDelegate.h */,
				3D5EF618189637C000233B64 /* AppDelegate.m */,
				3D5EF61A189637C000233B64 /* Main.storyboard */,
				3D5EF61D189637C000233B64 /* ViewController.h */,
				3D5EF61E189637C000233B64 /* ViewController.m */,
				845C752C18B91CA60045EE7D /* Singletons */,
				3D5EF620189637C000233B64 /* Images.xcassets */,
				844D5F0618B400EF0018C970 /* Models */,
				3D5EF60F189637C000233B64 /* Supporting Files */,
				845C752B18B91C7F0045EE7D /* Parsers */,
			);
			path = MyGuide;
			sourceTree = "<group>";
		};
		3D5EF60F189637C000233B64 /* Supporting Files */ = {
			isa = PBXGroup;
			children = (
				844D5F1018B41F470018C970 /* data.xml */,
				3D5EF610189637C000233B64 /* MyGuide-Info.plist */,
				3D5EF611189637C000233B64 /* InfoPlist.strings */,
				3D5EF614189637C000233B64 /* main.m */,
				3D5EF616189637C000233B64 /* MyGuide-Prefix.pch */,
			);
			name = "Supporting Files";
			sourceTree = "<group>";
		};
		3D5EF62D189637C000233B64 /* MyGuideTests */ = {
			isa = PBXGroup;
			children = (
				3D5EF633189637C000233B64 /* MyGuideTests.m */,
				3D5EF62E189637C000233B64 /* Supporting Files */,
			);
			path = MyGuideTests;
			sourceTree = "<group>";
		};
		3D5EF62E189637C000233B64 /* Supporting Files */ = {
			isa = PBXGroup;
			children = (
				3D5EF62F189637C000233B64 /* MyGuideTests-Info.plist */,
				3D5EF630189637C000233B64 /* InfoPlist.strings */,
			);
			name = "Supporting Files";
			sourceTree = "<group>";
		};
		844D5F0618B400EF0018C970 /* Models */ = {
			isa = PBXGroup;
			children = (
				844D5F0018B400D30018C970 /* AFAnimal.h */,
				844D5F0118B400D30018C970 /* AFAnimal.m */,
				844D5F0318B400E70018C970 /* AFWay.h */,
				844D5F0418B400E70018C970 /* AFWay.m */,
				844D5F0718B411F70018C970 /* AFNode.h */,
				844D5F0818B411F70018C970 /* AFNode.m */,
				844D5F1218B53EE20018C970 /* AFJunction.h */,
				844D5F1318B53EE20018C970 /* AFJunction.m */,
			);
			name = Models;
			sourceTree = "<group>";
		};
		845C752B18B91C7F0045EE7D /* Parsers */ = {
			isa = PBXGroup;
			children = (
				844D5F0D18B41CEE0018C970 /* AFXMLParser.h */,
				844D5F0E18B41CEE0018C970 /* AFXMLParser.m */,
			);
			name = Parsers;
			sourceTree = "<group>";
		};
		845C752C18B91CA60045EE7D /* Singletons */ = {
			isa = PBXGroup;
			children = (
				844D5F0A18B414060018C970 /* AFParsedData.h */,
				844D5F0B18B414060018C970 /* AFParsedData.m */,
			);
			name = Singletons;
			sourceTree = "<group>";
		};
/* End PBXGroup section */

/* Begin PBXNativeTarget section */
		3D5EF604189637C000233B64 /* MyGuide */ = {
			isa = PBXNativeTarget;
			buildConfigurationList = 3D5EF637189637C000233B64 /* Build configuration list for PBXNativeTarget "MyGuide" */;
			buildPhases = (
				3D5EF601189637C000233B64 /* Sources */,
				3D5EF602189637C000233B64 /* Frameworks */,
				3D18529018B0EA0D003D17B9 /* ShellScript */,
				3D5EF603189637C000233B64 /* Resources */,
			);
			buildRules = (
			);
			dependencies = (
			);
			name = MyGuide;
			productName = MyGuide;
			productReference = 3D5EF605189637C000233B64 /* MyGuide.app */;
			productType = "com.apple.product-type.application";
		};
		3D5EF625189637C000233B64 /* MyGuideTests */ = {
			isa = PBXNativeTarget;
			buildConfigurationList = 3D5EF63A189637C000233B64 /* Build configuration list for PBXNativeTarget "MyGuideTests" */;
			buildPhases = (
				3D5EF622189637C000233B64 /* Sources */,
				3D5EF623189637C000233B64 /* Frameworks */,
				3D5EF624189637C000233B64 /* Resources */,
			);
			buildRules = (
			);
			dependencies = (
				3D5EF62C189637C000233B64 /* PBXTargetDependency */,
			);
			name = MyGuideTests;
			productName = MyGuideTests;
			productReference = 3D5EF626189637C000233B64 /* MyGuideTests.xctest */;
			productType = "com.apple.product-type.bundle.unit-test";
		};
/* End PBXNativeTarget section */

/* Begin PBXProject section */
		3D5EF5FD189637C000233B64 /* Project object */ = {
			isa = PBXProject;
			attributes = {
				LastUpgradeCheck = 0500;
				ORGANIZATIONNAME = "BLStream - Rafał Korżyński";
				TargetAttributes = {
					3D5EF604189637C000233B64 = {
						DevelopmentTeam = XTRY58ZV6V;
					};
					3D5EF625189637C000233B64 = {
						TestTargetID = 3D5EF604189637C000233B64;
					};
				};
			};
			buildConfigurationList = 3D5EF600189637C000233B64 /* Build configuration list for PBXProject "MyGuide" */;
			compatibilityVersion = "Xcode 3.2";
			developmentRegion = English;
			hasScannedForEncodings = 0;
			knownRegions = (
				en,
				Base,
			);
			mainGroup = 3D5EF5FC189637C000233B64;
			productRefGroup = 3D5EF606189637C000233B64 /* Products */;
			projectDirPath = "";
			projectRoot = "";
			targets = (
				3D5EF604189637C000233B64 /* MyGuide */,
				3D5EF625189637C000233B64 /* MyGuideTests */,
			);
		};
/* End PBXProject section */

/* Begin PBXResourcesBuildPhase section */
		3D5EF603189637C000233B64 /* Resources */ = {
			isa = PBXResourcesBuildPhase;
			buildActionMask = 2147483647;
			files = (
				844D5F1118B41F470018C970 /* data.xml in Resources */,
				3D5EF621189637C000233B64 /* Images.xcassets in Resources */,
				3D5EF613189637C000233B64 /* InfoPlist.strings in Resources */,
				3D5EF61C189637C000233B64 /* Main.storyboard in Resources */,
			);
			runOnlyForDeploymentPostprocessing = 0;
		};
		3D5EF624189637C000233B64 /* Resources */ = {
			isa = PBXResourcesBuildPhase;
			buildActionMask = 2147483647;
			files = (
				3D5EF632189637C000233B64 /* InfoPlist.strings in Resources */,
			);
			runOnlyForDeploymentPostprocessing = 0;
		};
/* End PBXResourcesBuildPhase section */

/* Begin PBXShellScriptBuildPhase section */
		3D18529018B0EA0D003D17B9 /* ShellScript */ = {
			isa = PBXShellScriptBuildPhase;
			buildActionMask = 2147483647;
			files = (
			);
			inputPaths = (
			);
			outputPaths = (
			);
			runOnlyForDeploymentPostprocessing = 0;
			shellPath = /bin/sh;
			shellScript = "#!/bin/bash\nif [[ $CONFIGURATION == Debug* ]]; then\necho \"+++ In Debug: build version is not incremented.\"\nexit 0\nfi\n\nbuildVersion=$(/usr/libexec/PlistBuddy -c \"Print CFBundleVersion\" \"$INFOPLIST_FILE\")\n\nsprintNumber=$(echo $buildVersion | sed -E 's#([0-9]*)\\.([0-9]*)\\.([0-9]*)#\\2#g')\nbuildNumber=$(echo $buildVersion | sed -E 's#([0-9]*)\\.([0-9]*)\\.([0-9]*)#\\3#g')\nbuildNumber=$(($buildNumber + 1))\nbuildVersion=$(echo $buildVersion | sed -E \"s#([0-9]*)\\.([0-9]*)\\.([0-9]*)#\\1\\.\\2\\.$buildNumber#g\")\n\n/usr/libexec/PlistBuddy -c \"Set :CFBundleVersion $buildVersion\" \"$INFOPLIST_FILE\"\n/usr/libexec/PlistBuddy -c \"Set :CFBundleShortVersionString $buildVersion\" \"$INFOPLIST_FILE\"\necho \"+++ In Release: incremented build number to $buildNumber and sprint number to $sprintNumber. Current build version $buildVersion.\"";
		};
/* End PBXShellScriptBuildPhase section */

/* Begin PBXSourcesBuildPhase section */
		3D5EF601189637C000233B64 /* Sources */ = {
			isa = PBXSourcesBuildPhase;
			buildActionMask = 2147483647;
			files = (
				844D5F1418B53EE20018C970 /* AFJunction.m in Sources */,
				844D5F0C18B414060018C970 /* AFParsedData.m in Sources */,
				3D5EF61F189637C000233B64 /* ViewController.m in Sources */,
				3D5EF619189637C000233B64 /* AppDelegate.m in Sources */,
				844D5F0518B400E70018C970 /* AFWay.m in Sources */,
				844D5F0218B400D30018C970 /* AFAnimal.m in Sources */,
				844D5F0F18B41CEE0018C970 /* AFXMLParser.m in Sources */,
				844D5F0918B411F70018C970 /* AFNode.m in Sources */,
				3D5EF615189637C000233B64 /* main.m in Sources */,
			);
			runOnlyForDeploymentPostprocessing = 0;
		};
		3D5EF622189637C000233B64 /* Sources */ = {
			isa = PBXSourcesBuildPhase;
			buildActionMask = 2147483647;
			files = (
				84F184A218B9537200658238 /* MyGuideTests.m in Sources */,
			);
			runOnlyForDeploymentPostprocessing = 0;
		};
/* End PBXSourcesBuildPhase section */

/* Begin PBXTargetDependency section */
		3D5EF62C189637C000233B64 /* PBXTargetDependency */ = {
			isa = PBXTargetDependency;
			target = 3D5EF604189637C000233B64 /* MyGuide */;
			targetProxy = 3D5EF62B189637C000233B64 /* PBXContainerItemProxy */;
		};
/* End PBXTargetDependency section */

/* Begin PBXVariantGroup section */
		3D5EF611189637C000233B64 /* InfoPlist.strings */ = {
			isa = PBXVariantGroup;
			children = (
				3D5EF612189637C000233B64 /* en */,
			);
			name = InfoPlist.strings;
			sourceTree = "<group>";
		};
		3D5EF61A189637C000233B64 /* Main.storyboard */ = {
			isa = PBXVariantGroup;
			children = (
				3D5EF61B189637C000233B64 /* Base */,
			);
			name = Main.storyboard;
			sourceTree = "<group>";
		};
		3D5EF630189637C000233B64 /* InfoPlist.strings */ = {
			isa = PBXVariantGroup;
			children = (
				3D5EF631189637C000233B64 /* en */,
			);
			name = InfoPlist.strings;
			sourceTree = "<group>";
		};
/* End PBXVariantGroup section */

/* Begin XCBuildConfiguration section */
		3D5EF635189637C000233B64 /* Debug */ = {
			isa = XCBuildConfiguration;
			buildSettings = {
				ALWAYS_SEARCH_USER_PATHS = NO;
				ARCHS = "$(ARCHS_STANDARD_INCLUDING_64_BIT)";
				CLANG_CXX_LANGUAGE_STANDARD = "gnu++0x";
				CLANG_CXX_LIBRARY = "libc++";
				CLANG_ENABLE_MODULES = YES;
				CLANG_ENABLE_OBJC_ARC = YES;
				CLANG_WARN_BOOL_CONVERSION = YES;
				CLANG_WARN_CONSTANT_CONVERSION = YES;
				CLANG_WARN_DIRECT_OBJC_ISA_USAGE = YES_ERROR;
				CLANG_WARN_EMPTY_BODY = YES;
				CLANG_WARN_ENUM_CONVERSION = YES;
				CLANG_WARN_INT_CONVERSION = YES;
				CLANG_WARN_OBJC_ROOT_CLASS = YES_ERROR;
				CLANG_WARN__DUPLICATE_METHOD_MATCH = YES;
				"CODE_SIGN_IDENTITY[sdk=iphoneos*]" = "iPhone Developer";
				COPY_PHASE_STRIP = NO;
				GCC_C_LANGUAGE_STANDARD = gnu99;
				GCC_DYNAMIC_NO_PIC = NO;
				GCC_OPTIMIZATION_LEVEL = 0;
				GCC_PREPROCESSOR_DEFINITIONS = (
					"DEBUG=1",
					"$(inherited)",
				);
				GCC_SYMBOLS_PRIVATE_EXTERN = NO;
				GCC_WARN_64_TO_32_BIT_CONVERSION = YES;
				GCC_WARN_ABOUT_RETURN_TYPE = YES_ERROR;
				GCC_WARN_UNDECLARED_SELECTOR = YES;
				GCC_WARN_UNINITIALIZED_AUTOS = YES;
				GCC_WARN_UNUSED_FUNCTION = YES;
				GCC_WARN_UNUSED_VARIABLE = YES;
				IPHONEOS_DEPLOYMENT_TARGET = 7.0;
				ONLY_ACTIVE_ARCH = YES;
				SDKROOT = iphoneos;
			};
			name = Debug;
		};
		3D5EF636189637C000233B64 /* Release */ = {
			isa = XCBuildConfiguration;
			buildSettings = {
				ALWAYS_SEARCH_USER_PATHS = NO;
				ARCHS = "$(ARCHS_STANDARD_INCLUDING_64_BIT)";
				CLANG_CXX_LANGUAGE_STANDARD = "gnu++0x";
				CLANG_CXX_LIBRARY = "libc++";
				CLANG_ENABLE_MODULES = YES;
				CLANG_ENABLE_OBJC_ARC = YES;
				CLANG_WARN_BOOL_CONVERSION = YES;
				CLANG_WARN_CONSTANT_CONVERSION = YES;
				CLANG_WARN_DIRECT_OBJC_ISA_USAGE = YES_ERROR;
				CLANG_WARN_EMPTY_BODY = YES;
				CLANG_WARN_ENUM_CONVERSION = YES;
				CLANG_WARN_INT_CONVERSION = YES;
				CLANG_WARN_OBJC_ROOT_CLASS = YES_ERROR;
				CLANG_WARN__DUPLICATE_METHOD_MATCH = YES;
				"CODE_SIGN_IDENTITY[sdk=iphoneos*]" = "iPhone Developer";
				COPY_PHASE_STRIP = YES;
				ENABLE_NS_ASSERTIONS = NO;
				GCC_C_LANGUAGE_STANDARD = gnu99;
				GCC_WARN_64_TO_32_BIT_CONVERSION = YES;
				GCC_WARN_ABOUT_RETURN_TYPE = YES_ERROR;
				GCC_WARN_UNDECLARED_SELECTOR = YES;
				GCC_WARN_UNINITIALIZED_AUTOS = YES;
				GCC_WARN_UNUSED_FUNCTION = YES;
				GCC_WARN_UNUSED_VARIABLE = YES;
				IPHONEOS_DEPLOYMENT_TARGET = 7.0;
				SDKROOT = iphoneos;
				VALIDATE_PRODUCT = YES;
			};
			name = Release;
		};
		3D5EF638189637C000233B64 /* Debug */ = {
			isa = XCBuildConfiguration;
			buildSettings = {
				ASSETCATALOG_COMPILER_APPICON_NAME = AppIcon;
				ASSETCATALOG_COMPILER_LAUNCHIMAGE_NAME = LaunchImage;
				CODE_SIGN_IDENTITY = "iPhone Distribution";
				"CODE_SIGN_IDENTITY[sdk=iphoneos*]" = "iPhone Distribution: BLStream (XTRY58ZV6V)";
				FRAMEWORK_SEARCH_PATHS = (
					"$(inherited)",
					"$(DEVELOPER_FRAMEWORKS_DIR)",
				);
				GCC_PRECOMPILE_PREFIX_HEADER = YES;
				GCC_PREFIX_HEADER = "MyGuide/MyGuide-Prefix.pch";
				INFOPLIST_FILE = "MyGuide/MyGuide-Info.plist";
				PRODUCT_NAME = "$(TARGET_NAME)";
				PROVISIONING_PROFILE = "";
				WRAPPER_EXTENSION = app;
			};
			name = Debug;
		};
		3D5EF639189637C000233B64 /* Release */ = {
			isa = XCBuildConfiguration;
			buildSettings = {
				ASSETCATALOG_COMPILER_APPICON_NAME = AppIcon;
				ASSETCATALOG_COMPILER_LAUNCHIMAGE_NAME = LaunchImage;
				CODE_SIGN_IDENTITY = "iPhone Distribution";
				"CODE_SIGN_IDENTITY[sdk=iphoneos*]" = "iPhone Distribution: BLStream (XTRY58ZV6V)";
				FRAMEWORK_SEARCH_PATHS = (
					"$(inherited)",
					"$(DEVELOPER_FRAMEWORKS_DIR)",
				);
				GCC_PRECOMPILE_PREFIX_HEADER = YES;
				GCC_PREFIX_HEADER = "MyGuide/MyGuide-Prefix.pch";
				INFOPLIST_FILE = "MyGuide/MyGuide-Info.plist";
				PRODUCT_NAME = "$(TARGET_NAME)";
				PROVISIONING_PROFILE = "";
				WRAPPER_EXTENSION = app;
			};
			name = Release;
		};
		3D5EF63B189637C000233B64 /* Debug */ = {
			isa = XCBuildConfiguration;
			buildSettings = {
				ALWAYS_SEARCH_USER_PATHS = NO;
				ARCHS = "$(ARCHS_STANDARD_INCLUDING_64_BIT)";
				BUNDLE_LOADER = "$(BUILT_PRODUCTS_DIR)/MyGuide.app/MyGuide";
				FRAMEWORK_SEARCH_PATHS = (
					"$(SDKROOT)/Developer/Library/Frameworks",
					"$(inherited)",
					"$(DEVELOPER_FRAMEWORKS_DIR)",
				);
				GCC_PRECOMPILE_PREFIX_HEADER = YES;
				GCC_PREFIX_HEADER = "MyGuide/MyGuide-Prefix.pch";
				GCC_PREPROCESSOR_DEFINITIONS = (
					"DEBUG=1",
					"$(inherited)",
				);
				INFOPLIST_FILE = "MyGuideTests/MyGuideTests-Info.plist";
				PRODUCT_NAME = "$(TARGET_NAME)";
				TEST_HOST = "$(BUNDLE_LOADER)";
				WRAPPER_EXTENSION = xctest;
			};
			name = Debug;
		};
		3D5EF63C189637C000233B64 /* Release */ = {
			isa = XCBuildConfiguration;
			buildSettings = {
				ALWAYS_SEARCH_USER_PATHS = NO;
				ARCHS = "$(ARCHS_STANDARD_INCLUDING_64_BIT)";
				BUNDLE_LOADER = "$(BUILT_PRODUCTS_DIR)/MyGuide.app/MyGuide";
				FRAMEWORK_SEARCH_PATHS = (
					"$(SDKROOT)/Developer/Library/Frameworks",
					"$(inherited)",
					"$(DEVELOPER_FRAMEWORKS_DIR)",
				);
				GCC_PRECOMPILE_PREFIX_HEADER = YES;
				GCC_PREFIX_HEADER = "MyGuide/MyGuide-Prefix.pch";
				INFOPLIST_FILE = "MyGuideTests/MyGuideTests-Info.plist";
				PRODUCT_NAME = "$(TARGET_NAME)";
				TEST_HOST = "$(BUNDLE_LOADER)";
				WRAPPER_EXTENSION = xctest;
			};
			name = Release;
		};
/* End XCBuildConfiguration section */

/* Begin XCConfigurationList section */
		3D5EF600189637C000233B64 /* Build configuration list for PBXProject "MyGuide" */ = {
			isa = XCConfigurationList;
			buildConfigurations = (
				3D5EF635189637C000233B64 /* Debug */,
				3D5EF636189637C000233B64 /* Release */,
			);
			defaultConfigurationIsVisible = 0;
			defaultConfigurationName = Release;
		};
		3D5EF637189637C000233B64 /* Build configuration list for PBXNativeTarget "MyGuide" */ = {
			isa = XCConfigurationList;
			buildConfigurations = (
				3D5EF638189637C000233B64 /* Debug */,
				3D5EF639189637C000233B64 /* Release */,
			);
			defaultConfigurationIsVisible = 0;
			defaultConfigurationName = Release;
		};
		3D5EF63A189637C000233B64 /* Build configuration list for PBXNativeTarget "MyGuideTests" */ = {
			isa = XCConfigurationList;
			buildConfigurations = (
				3D5EF63B189637C000233B64 /* Debug */,
				3D5EF63C189637C000233B64 /* Release */,
			);
			defaultConfigurationIsVisible = 0;
			defaultConfigurationName = Release;
		};
/* End XCConfigurationList section */
	};
	rootObject = 3D5EF5FD189637C000233B64 /* Project object */;
}
